// !$*UTF8*$!
{
	archiveVersion = 1;
	classes = {
	};
	objectVersion = 48;
	objects = {

/* Begin PBXBuildFile section */
		A103A7BB2009768D00F78C6F /* MyAuthPicker.swift in Sources */ = {isa = PBXBuildFile; fileRef = A103A7BA2009768D00F78C6F /* MyAuthPicker.swift */; };
		A109E8A11FC55E510005517A /* CenterViewControllerDelegate.swift in Sources */ = {isa = PBXBuildFile; fileRef = A109E8A01FC55E510005517A /* CenterViewControllerDelegate.swift */; };
		A109E8A31FC55F090005517A /* SidePanelViewControllerDelegate.swift in Sources */ = {isa = PBXBuildFile; fileRef = A109E8A21FC55F090005517A /* SidePanelViewControllerDelegate.swift */; };
		A109E8A71FC561370005517A /* SidePanelViewController.swift in Sources */ = {isa = PBXBuildFile; fileRef = A109E8A61FC561370005517A /* SidePanelViewController.swift */; };
		A109E8A91FC5623E0005517A /* MenuCell.swift in Sources */ = {isa = PBXBuildFile; fileRef = A109E8A81FC5623E0005517A /* MenuCell.swift */; };
		A109E8AB1FC564A50005517A /* CenterViewController.swift in Sources */ = {isa = PBXBuildFile; fileRef = A109E8AA1FC564A50005517A /* CenterViewController.swift */; };
		A109E8AD1FC565E60005517A /* MenuItem.swift in Sources */ = {isa = PBXBuildFile; fileRef = A109E8AC1FC565E60005517A /* MenuItem.swift */; };
		A109E8AF1FC6233F0005517A /* ContainerViewController.swift in Sources */ = {isa = PBXBuildFile; fileRef = A109E8AE1FC6233F0005517A /* ContainerViewController.swift */; };
		A109E8B51FC7DEFC0005517A /* MyMissionViewController.swift in Sources */ = {isa = PBXBuildFile; fileRef = A109E8B41FC7DEFC0005517A /* MyMissionViewController.swift */; };
		A109E8B71FC7DFB80005517A /* SharePetitionViewController.swift in Sources */ = {isa = PBXBuildFile; fileRef = A109E8B61FC7DFB80005517A /* SharePetitionViewController.swift */; };
		A109E8B91FC7DFCA0005517A /* ChatHelpViewController.swift in Sources */ = {isa = PBXBuildFile; fileRef = A109E8B81FC7DFCA0005517A /* ChatHelpViewController.swift */; };
		A109E8BB1FC7E1F60005517A /* BaseButton.swift in Sources */ = {isa = PBXBuildFile; fileRef = A109E8BA1FC7E1F60005517A /* BaseButton.swift */; };
		A109E8C31FC86DFC0005517A /* MenuItems.swift in Sources */ = {isa = PBXBuildFile; fileRef = A109E8C21FC86DFC0005517A /* MenuItems.swift */; };
		A1217E311FCA199A0007ABF8 /* Call.swift in Sources */ = {isa = PBXBuildFile; fileRef = A1217E301FCA199A0007ABF8 /* Call.swift */; };
		A1217E351FCA24150007ABF8 /* CallButton.swift in Sources */ = {isa = PBXBuildFile; fileRef = A1217E341FCA24150007ABF8 /* CallButton.swift */; };
		A126AE141F8B1D860096714B /* AppDelegate.swift in Sources */ = {isa = PBXBuildFile; fileRef = A126AE131F8B1D860096714B /* AppDelegate.swift */; };
		A126AE191F8B1D860096714B /* Main.storyboard in Resources */ = {isa = PBXBuildFile; fileRef = A126AE171F8B1D860096714B /* Main.storyboard */; };
		A126AE1B1F8B1D860096714B /* Assets.xcassets in Resources */ = {isa = PBXBuildFile; fileRef = A126AE1A1F8B1D860096714B /* Assets.xcassets */; };
		A126AE1E1F8B1D860096714B /* LaunchScreen.storyboard in Resources */ = {isa = PBXBuildFile; fileRef = A126AE1C1F8B1D860096714B /* LaunchScreen.storyboard */; };
		A126AE281F8B25B40096714B /* GoogleService-Info.plist in Resources */ = {isa = PBXBuildFile; fileRef = A126AE271F8B25B40096714B /* GoogleService-Info.plist */; };
		A12CDB321FAE1605003DE424 /* FBSDKLoginKit.framework in Frameworks */ = {isa = PBXBuildFile; fileRef = A17C7FAF1FAC1B8200430C05 /* FBSDKLoginKit.framework */; };
		A12CDB331FAE160A003DE424 /* FBSDKCoreKit.framework in Frameworks */ = {isa = PBXBuildFile; fileRef = A17C7FAD1FAC1B6700430C05 /* FBSDKCoreKit.framework */; };
		A12CDB371FAF6495003DE424 /* NewPhoneCampaignVC.swift in Sources */ = {isa = PBXBuildFile; fileRef = A12CDB361FAF6495003DE424 /* NewPhoneCampaignVC.swift */; };
		A12CDB3D1FAF77FE003DE424 /* BaseViewController.swift in Sources */ = {isa = PBXBuildFile; fileRef = A12CDB3C1FAF77FE003DE424 /* BaseViewController.swift */; };
		A12CDB3F1FAF78E0003DE424 /* VolunteerViewController.swift in Sources */ = {isa = PBXBuildFile; fileRef = A12CDB3E1FAF78E0003DE424 /* VolunteerViewController.swift */; };
		A12CDB411FAF78F5003DE424 /* DirectorViewController.swift in Sources */ = {isa = PBXBuildFile; fileRef = A12CDB401FAF78F5003DE424 /* DirectorViewController.swift */; };
		A12CDB431FAF7902003DE424 /* AdminViewController.swift in Sources */ = {isa = PBXBuildFile; fileRef = A12CDB421FAF7902003DE424 /* AdminViewController.swift */; };
		A12CDB4E1FAFF537003DE424 /* MissionSummaryCellTableViewCell.swift in Sources */ = {isa = PBXBuildFile; fileRef = A12CDB4C1FAFF537003DE424 /* MissionSummaryCellTableViewCell.swift */; };
		A12CDB591FB01BF7003DE424 /* MissionSummaryTVC.swift in Sources */ = {isa = PBXBuildFile; fileRef = A12CDB581FB01BF7003DE424 /* MissionSummaryTVC.swift */; };
		A12CDB5B1FB020B8003DE424 /* MissionSummary.swift in Sources */ = {isa = PBXBuildFile; fileRef = A12CDB5A1FB020B8003DE424 /* MissionSummary.swift */; };
		A131189A1FE0BE670031D9AE /* ActivityTableViewCell.swift in Sources */ = {isa = PBXBuildFile; fileRef = A13118991FE0BE670031D9AE /* ActivityTableViewCell.swift */; };
		A131189C1FE617080031D9AE /* SwitchTeamsVC.swift in Sources */ = {isa = PBXBuildFile; fileRef = A131189B1FE617080031D9AE /* SwitchTeamsVC.swift */; };
		A131189E1FE6293E0031D9AE /* Team.swift in Sources */ = {isa = PBXBuildFile; fileRef = A131189D1FE6293E0031D9AE /* Team.swift */; };
		A13118A01FE62B710031D9AE /* TeamTableViewCell.swift in Sources */ = {isa = PBXBuildFile; fileRef = A131189F1FE62B710031D9AE /* TeamTableViewCell.swift */; };
		A13118A21FE6323F0031D9AE /* SwitchTeamsDelegate.swift in Sources */ = {isa = PBXBuildFile; fileRef = A13118A11FE6323F0031D9AE /* SwitchTeamsDelegate.swift */; };
		A13187B3207730690048FE95 /* VideoType.swift in Sources */ = {isa = PBXBuildFile; fileRef = A13187B2207730690048FE95 /* VideoType.swift */; };
		A13187B92078555E0048FE95 /* EditVideoMissionDescriptionVC.swift in Sources */ = {isa = PBXBuildFile; fileRef = A13187B82078555E0048FE95 /* EditVideoMissionDescriptionVC.swift */; };
		A13187C6207B1AB30048FE95 /* cameraSwitch.png in Resources */ = {isa = PBXBuildFile; fileRef = A13187BB207B1AB20048FE95 /* cameraSwitch.png */; };
		A13187C7207B1AB30048FE95 /* speakerOn.png in Resources */ = {isa = PBXBuildFile; fileRef = A13187BC207B1AB20048FE95 /* speakerOn.png */; };
		A13187C8207B1AB30048FE95 /* microphoneOff.png in Resources */ = {isa = PBXBuildFile; fileRef = A13187BD207B1AB20048FE95 /* microphoneOff.png */; };
		A13187C9207B1AB30048FE95 /* callStart.png in Resources */ = {isa = PBXBuildFile; fileRef = A13187BE207B1AB30048FE95 /* callStart.png */; };
		A13187CA207B1AB30048FE95 /* speakerOff.png in Resources */ = {isa = PBXBuildFile; fileRef = A13187BF207B1AB30048FE95 /* speakerOff.png */; };
		A13187CB207B1AB30048FE95 /* callEnd.png in Resources */ = {isa = PBXBuildFile; fileRef = A13187C0207B1AB30048FE95 /* callEnd.png */; };
		A13187CC207B1AB30048FE95 /* microphoneOn.png in Resources */ = {isa = PBXBuildFile; fileRef = A13187C1207B1AB30048FE95 /* microphoneOn.png */; };
		A13187CD207B1AB30048FE95 /* cameraOnWhite.png in Resources */ = {isa = PBXBuildFile; fileRef = A13187C2207B1AB30048FE95 /* cameraOnWhite.png */; };
		A13187CE207B1AB30048FE95 /* cameraOff.png in Resources */ = {isa = PBXBuildFile; fileRef = A13187C3207B1AB30048FE95 /* cameraOff.png */; };
		A13187CF207B1AB30048FE95 /* cameraOn.png in Resources */ = {isa = PBXBuildFile; fileRef = A13187C4207B1AB30048FE95 /* cameraOn.png */; };
		A13187D0207B1AB30048FE95 /* microphoneOnWhite.png in Resources */ = {isa = PBXBuildFile; fileRef = A13187C5207B1AB30048FE95 /* microphoneOnWhite.png */; };
		A134C1AE2017ECD000B64939 /* Util.swift in Sources */ = {isa = PBXBuildFile; fileRef = A134C1AD2017ECD000B64939 /* Util.swift */; };
		A134C1B02017EFB500B64939 /* CallLegislatorEvent.swift in Sources */ = {isa = PBXBuildFile; fileRef = A134C1AF2017EFB500B64939 /* CallLegislatorEvent.swift */; };
		A134C1B220183CD100B64939 /* MissionItem2.swift in Sources */ = {isa = PBXBuildFile; fileRef = A134C1B120183CD100B64939 /* MissionItem2.swift */; };
		A134E530206B20D800FEDBE6 /* VideoChatVC.swift in Sources */ = {isa = PBXBuildFile; fileRef = A134E52F206B20D800FEDBE6 /* VideoChatVC.swift */; };
		A134E53E206C66AB00FEDBE6 /* RemoteViewLayout.swift in Sources */ = {isa = PBXBuildFile; fileRef = A134E53D206C66AB00FEDBE6 /* RemoteViewLayout.swift */; };
		A135C2FF20196A6200B50B49 /* AdminVC.swift in Sources */ = {isa = PBXBuildFile; fileRef = A135C2FE20196A6200B50B49 /* AdminVC.swift */; };
		A135C30120197AE500B50B49 /* SearchUsersVC.swift in Sources */ = {isa = PBXBuildFile; fileRef = A135C30020197AE500B50B49 /* SearchUsersVC.swift */; };
		A1369CAC1FE9C845008B426D /* NoMissionVC.swift in Sources */ = {isa = PBXBuildFile; fileRef = A1369CAB1FE9C845008B426D /* NoMissionVC.swift */; };
		A137720520CCC77300566AFE /* VideoInvitation.swift in Sources */ = {isa = PBXBuildFile; fileRef = A137720420CCC77300566AFE /* VideoInvitation.swift */; };
		A137720720D0200000566AFE /* VideoInvitationsVC.swift in Sources */ = {isa = PBXBuildFile; fileRef = A137720620D0200000566AFE /* VideoInvitationsVC.swift */; };
		A137720920D086FF00566AFE /* VideoInvitationCell.swift in Sources */ = {isa = PBXBuildFile; fileRef = A137720820D086FF00566AFE /* VideoInvitationCell.swift */; };
		A13F7AA62013EB7500EF0766 /* Legislator.swift in Sources */ = {isa = PBXBuildFile; fileRef = A13F7AA52013EB7500EF0766 /* Legislator.swift */; };
		A13F7AA82014031A00EF0766 /* LegislatorUI.swift in Sources */ = {isa = PBXBuildFile; fileRef = A13F7AA72014031A00EF0766 /* LegislatorUI.swift */; };
		A13F7AAA20141CF500EF0766 /* OfficeTableViewCell.swift in Sources */ = {isa = PBXBuildFile; fileRef = A13F7AA920141CF500EF0766 /* OfficeTableViewCell.swift */; };
		A13F7AAE2015D04100EF0766 /* MyLegislatorsVC.swift in Sources */ = {isa = PBXBuildFile; fileRef = A13F7AAD2015D04100EF0766 /* MyLegislatorsVC.swift */; };
		A140C1C3201BDE58007CFB9C /* AddressNeededView.swift in Sources */ = {isa = PBXBuildFile; fileRef = A140C1C2201BDE58007CFB9C /* AddressNeededView.swift */; };
		A14187A52119F63E00524966 /* VideoEvent.swift in Sources */ = {isa = PBXBuildFile; fileRef = A14187A42119F63E00524966 /* VideoEvent.swift */; };
		A144EB842137360300005BDF /* DisabledViewController.swift in Sources */ = {isa = PBXBuildFile; fileRef = A144EB832137360300005BDF /* DisabledViewController.swift */; };
		A148B1E420ACFEC100DB979C /* EditSocialMediaVC.swift in Sources */ = {isa = PBXBuildFile; fileRef = A148B1E320ACFEC100DB979C /* EditSocialMediaVC.swift */; };
		A149B9A5210B55B500ACE10C /* VideoChatInstructionsView.swift in Sources */ = {isa = PBXBuildFile; fileRef = A149B9A4210B55B500ACE10C /* VideoChatInstructionsView.swift */; };
		A159F9641FCF6F5E00204847 /* NoRoleAssignedDelegate.swift in Sources */ = {isa = PBXBuildFile; fileRef = A159F9631FCF6F5E00204847 /* NoRoleAssignedDelegate.swift */; };
		A15D845D1FA8D04D007EE77C /* ViewController.swift in Sources */ = {isa = PBXBuildFile; fileRef = A15D845C1FA8D04D007EE77C /* ViewController.swift */; };
		A15D84651FA92976007EE77C /* SWRevealViewController.m in Sources */ = {isa = PBXBuildFile; fileRef = A15D84641FA92976007EE77C /* SWRevealViewController.m */; };
		A171C802208BC2900017892A /* EditLegislatorForVideoVC.swift in Sources */ = {isa = PBXBuildFile; fileRef = A171C801208BC2900017892A /* EditLegislatorForVideoVC.swift */; };
		A17B6ED41FD14EB300A3325C /* WrapUpViewController.swift in Sources */ = {isa = PBXBuildFile; fileRef = A17B6ED31FD14EB300A3325C /* WrapUpViewController.swift */; };
		A17B6ED61FD1EA7100A3325C /* MissionItem.swift in Sources */ = {isa = PBXBuildFile; fileRef = A17B6ED51FD1EA7100A3325C /* MissionItem.swift */; };
		A17B6ED81FD2195F00A3325C /* AppDelegateDelegate.swift in Sources */ = {isa = PBXBuildFile; fileRef = A17B6ED71FD2195F00A3325C /* AppDelegateDelegate.swift */; };
		A17B6EFC1FD36C8A00A3325C /* WrapUpViewControllerDelegate.swift in Sources */ = {isa = PBXBuildFile; fileRef = A17B6EFB1FD36C8A00A3325C /* WrapUpViewControllerDelegate.swift */; };
		A17B6EFF1FDDE44300A3325C /* ChooseSpreadsheetTypeVC.swift in Sources */ = {isa = PBXBuildFile; fileRef = A17B6EFE1FDDE44300A3325C /* ChooseSpreadsheetTypeVC.swift */; };
		A17C7FB21FAC308D00430C05 /* HomeViewController.swift in Sources */ = {isa = PBXBuildFile; fileRef = A17C7FB11FAC308D00430C05 /* HomeViewController.swift */; };
		A18565901FBAB5B2009EE57F /* TPUser.swift in Sources */ = {isa = PBXBuildFile; fileRef = A185658F1FBAB5B2009EE57F /* TPUser.swift */; };
		A18565921FBC0523009EE57F /* LimboViewController.swift in Sources */ = {isa = PBXBuildFile; fileRef = A18565911FBC0523009EE57F /* LimboViewController.swift */; };
		A18565951FBC19A3009EE57F /* AccountStatusEventTableViewCell.swift in Sources */ = {isa = PBXBuildFile; fileRef = A18565931FBC19A3009EE57F /* AccountStatusEventTableViewCell.swift */; };
		A18565981FBCF2A6009EE57F /* AccountStatusEvent.swift in Sources */ = {isa = PBXBuildFile; fileRef = A18565971FBCF2A6009EE57F /* AccountStatusEvent.swift */; };
		A190B47820095B0500ED51D6 /* UserIsBannedVC.swift in Sources */ = {isa = PBXBuildFile; fileRef = A190B47720095B0400ED51D6 /* UserIsBannedVC.swift */; };
		A190B47A20095B3000ED51D6 /* UserMustSignCAViewController.swift in Sources */ = {isa = PBXBuildFile; fileRef = A190B47920095B3000ED51D6 /* UserMustSignCAViewController.swift */; };
		A190B47C20095D3B00ED51D6 /* CannotApproveUserVC.swift in Sources */ = {isa = PBXBuildFile; fileRef = A190B47B20095D3B00ED51D6 /* CannotApproveUserVC.swift */; };
		A19F6C3A2139D91D00A140C2 /* ShowMeHowVC.swift in Sources */ = {isa = PBXBuildFile; fileRef = A19F6C392139D91D00A140C2 /* ShowMeHowVC.swift */; };
		A19F6C3C213A296C00A140C2 /* VideoOffer.swift in Sources */ = {isa = PBXBuildFile; fileRef = A19F6C3B213A296C00A140C2 /* VideoOffer.swift */; };
		A19F6C3E213A4E8E00A140C2 /* VideoOffersVC.swift in Sources */ = {isa = PBXBuildFile; fileRef = A19F6C3D213A4E8E00A140C2 /* VideoOffersVC.swift */; };
		A19F6C40213A533900A140C2 /* VideoOfferCell.swift in Sources */ = {isa = PBXBuildFile; fileRef = A19F6C3F213A533900A140C2 /* VideoOfferCell.swift */; };
		A1AD5C462009AC1400CB113E /* BackTracker.swift in Sources */ = {isa = PBXBuildFile; fileRef = A1AD5C452009AC1400CB113E /* BackTracker.swift */; };
		A1AD5C482011A32900CB113E /* MyProfileVC.swift in Sources */ = {isa = PBXBuildFile; fileRef = A1AD5C472011A32900CB113E /* MyProfileVC.swift */; };
		A1B55464202A64B20083C066 /* MissionDetailsVC.swift in Sources */ = {isa = PBXBuildFile; fileRef = A1B55463202A64B20083C066 /* MissionDetailsVC.swift */; };
		A1D37BB5213700C60059FFCD /* CBAPIEvent.swift in Sources */ = {isa = PBXBuildFile; fileRef = A1D37BB4213700C60059FFCD /* CBAPIEvent.swift */; };
		A1D3919D1FCBD06700EA2CA2 /* DirectorViewControllerDelegate.swift in Sources */ = {isa = PBXBuildFile; fileRef = A1D3919C1FCBD06700EA2CA2 /* DirectorViewControllerDelegate.swift */; };
		A1DD80591FE96158003F140C /* UnassignedUsersVC.swift in Sources */ = {isa = PBXBuildFile; fileRef = A1DD80581FE96158003F140C /* UnassignedUsersVC.swift */; };
		A1DD805B1FE963BB003F140C /* TPUserTableViewCell.swift in Sources */ = {isa = PBXBuildFile; fileRef = A1DD805A1FE963BB003F140C /* TPUserTableViewCell.swift */; };
		A1DD805F1FE97173003F140C /* AssignUserVC.swift in Sources */ = {isa = PBXBuildFile; fileRef = A1DD805E1FE97173003F140C /* AssignUserVC.swift */; };
		A1E8D86B2075A94D00E4F720 /* VideoNode.swift in Sources */ = {isa = PBXBuildFile; fileRef = A1E8D86A2075A94D00E4F720 /* VideoNode.swift */; };
		A1E8D86D2075B24100E4F720 /* VideoParticipant.swift in Sources */ = {isa = PBXBuildFile; fileRef = A1E8D86C2075B24100E4F720 /* VideoParticipant.swift */; };
		A1EA20421FCE135100FF0ABB /* GoogleService-Info-Dev.plist in Resources */ = {isa = PBXBuildFile; fileRef = A1EA20411FCE135100FF0ABB /* GoogleService-Info-Dev.plist */; };
		A1FD73381FE0725100A1B383 /* MissionItemEvent.swift in Sources */ = {isa = PBXBuildFile; fileRef = A1FD73371FE0725000A1B383 /* MissionItemEvent.swift */; };
		A1FD73411FE094CF00A1B383 /* AllActivityVC.swift in Sources */ = {isa = PBXBuildFile; fileRef = A1FD73401FE094CF00A1B383 /* AllActivityVC.swift */; };
		BDD7F2035B27F329A7F2E797 /* Pods_TelePatriot.framework in Frameworks */ = {isa = PBXBuildFile; fileRef = 21D294FA8D7228FD2C9482C0 /* Pods_TelePatriot.framework */; };
/* End PBXBuildFile section */

/* Begin PBXFileReference section */
		21D294FA8D7228FD2C9482C0 /* Pods_TelePatriot.framework */ = {isa = PBXFileReference; explicitFileType = wrapper.framework; includeInIndex = 0; path = Pods_TelePatriot.framework; sourceTree = BUILT_PRODUCTS_DIR; };
		9B10EA8C10D32C5053B267AA /* Pods-TelePatriot.debug.xcconfig */ = {isa = PBXFileReference; includeInIndex = 1; lastKnownFileType = text.xcconfig; name = "Pods-TelePatriot.debug.xcconfig"; path = "Pods/Target Support Files/Pods-TelePatriot/Pods-TelePatriot.debug.xcconfig"; sourceTree = "<group>"; };
		A103A7BA2009768D00F78C6F /* MyAuthPicker.swift */ = {isa = PBXFileReference; lastKnownFileType = sourcecode.swift; path = MyAuthPicker.swift; sourceTree = "<group>"; };
		A109E8A01FC55E510005517A /* CenterViewControllerDelegate.swift */ = {isa = PBXFileReference; lastKnownFileType = sourcecode.swift; path = CenterViewControllerDelegate.swift; sourceTree = "<group>"; };
		A109E8A21FC55F090005517A /* SidePanelViewControllerDelegate.swift */ = {isa = PBXFileReference; lastKnownFileType = sourcecode.swift; path = SidePanelViewControllerDelegate.swift; sourceTree = "<group>"; };
		A109E8A61FC561370005517A /* SidePanelViewController.swift */ = {isa = PBXFileReference; lastKnownFileType = sourcecode.swift; path = SidePanelViewController.swift; sourceTree = "<group>"; };
		A109E8A81FC5623E0005517A /* MenuCell.swift */ = {isa = PBXFileReference; lastKnownFileType = sourcecode.swift; path = MenuCell.swift; sourceTree = "<group>"; };
		A109E8AA1FC564A50005517A /* CenterViewController.swift */ = {isa = PBXFileReference; lastKnownFileType = sourcecode.swift; path = CenterViewController.swift; sourceTree = "<group>"; };
		A109E8AC1FC565E60005517A /* MenuItem.swift */ = {isa = PBXFileReference; lastKnownFileType = sourcecode.swift; path = MenuItem.swift; sourceTree = "<group>"; };
		A109E8AE1FC6233F0005517A /* ContainerViewController.swift */ = {isa = PBXFileReference; lastKnownFileType = sourcecode.swift; path = ContainerViewController.swift; sourceTree = "<group>"; };
		A109E8B41FC7DEFC0005517A /* MyMissionViewController.swift */ = {isa = PBXFileReference; lastKnownFileType = sourcecode.swift; path = MyMissionViewController.swift; sourceTree = "<group>"; };
		A109E8B61FC7DFB80005517A /* SharePetitionViewController.swift */ = {isa = PBXFileReference; lastKnownFileType = sourcecode.swift; path = SharePetitionViewController.swift; sourceTree = "<group>"; };
		A109E8B81FC7DFCA0005517A /* ChatHelpViewController.swift */ = {isa = PBXFileReference; lastKnownFileType = sourcecode.swift; path = ChatHelpViewController.swift; sourceTree = "<group>"; };
		A109E8BA1FC7E1F60005517A /* BaseButton.swift */ = {isa = PBXFileReference; lastKnownFileType = sourcecode.swift; path = BaseButton.swift; sourceTree = "<group>"; };
		A109E8C21FC86DFC0005517A /* MenuItems.swift */ = {isa = PBXFileReference; lastKnownFileType = sourcecode.swift; path = MenuItems.swift; sourceTree = "<group>"; };
		A1217E301FCA199A0007ABF8 /* Call.swift */ = {isa = PBXFileReference; lastKnownFileType = sourcecode.swift; path = Call.swift; sourceTree = "<group>"; };
		A1217E341FCA24150007ABF8 /* CallButton.swift */ = {isa = PBXFileReference; lastKnownFileType = sourcecode.swift; path = CallButton.swift; sourceTree = "<group>"; };
		A126AE101F8B1D860096714B /* TelePatriot.app */ = {isa = PBXFileReference; explicitFileType = wrapper.application; includeInIndex = 0; path = TelePatriot.app; sourceTree = BUILT_PRODUCTS_DIR; };
		A126AE131F8B1D860096714B /* AppDelegate.swift */ = {isa = PBXFileReference; lastKnownFileType = sourcecode.swift; path = AppDelegate.swift; sourceTree = "<group>"; };
		A126AE181F8B1D860096714B /* Base */ = {isa = PBXFileReference; lastKnownFileType = file.storyboard; name = Base; path = Base.lproj/Main.storyboard; sourceTree = "<group>"; };
		A126AE1A1F8B1D860096714B /* Assets.xcassets */ = {isa = PBXFileReference; lastKnownFileType = folder.assetcatalog; path = Assets.xcassets; sourceTree = "<group>"; };
		A126AE1D1F8B1D860096714B /* Base */ = {isa = PBXFileReference; lastKnownFileType = file.storyboard; name = Base; path = Base.lproj/LaunchScreen.storyboard; sourceTree = "<group>"; };
		A126AE1F1F8B1D860096714B /* Info.plist */ = {isa = PBXFileReference; lastKnownFileType = text.plist.xml; path = Info.plist; sourceTree = "<group>"; };
		A126AE271F8B25B40096714B /* GoogleService-Info.plist */ = {isa = PBXFileReference; fileEncoding = 4; lastKnownFileType = text.plist.xml; path = "GoogleService-Info.plist"; sourceTree = "<group>"; };
		A12CDB361FAF6495003DE424 /* NewPhoneCampaignVC.swift */ = {isa = PBXFileReference; lastKnownFileType = sourcecode.swift; path = NewPhoneCampaignVC.swift; sourceTree = "<group>"; };
		A12CDB3C1FAF77FE003DE424 /* BaseViewController.swift */ = {isa = PBXFileReference; lastKnownFileType = sourcecode.swift; path = BaseViewController.swift; sourceTree = "<group>"; };
		A12CDB3E1FAF78E0003DE424 /* VolunteerViewController.swift */ = {isa = PBXFileReference; lastKnownFileType = sourcecode.swift; path = VolunteerViewController.swift; sourceTree = "<group>"; };
		A12CDB401FAF78F5003DE424 /* DirectorViewController.swift */ = {isa = PBXFileReference; lastKnownFileType = sourcecode.swift; path = DirectorViewController.swift; sourceTree = "<group>"; };
		A12CDB421FAF7902003DE424 /* AdminViewController.swift */ = {isa = PBXFileReference; lastKnownFileType = sourcecode.swift; path = AdminViewController.swift; sourceTree = "<group>"; };
		A12CDB4C1FAFF537003DE424 /* MissionSummaryCellTableViewCell.swift */ = {isa = PBXFileReference; lastKnownFileType = sourcecode.swift; path = MissionSummaryCellTableViewCell.swift; sourceTree = "<group>"; };
		A12CDB581FB01BF7003DE424 /* MissionSummaryTVC.swift */ = {isa = PBXFileReference; lastKnownFileType = sourcecode.swift; path = MissionSummaryTVC.swift; sourceTree = "<group>"; };
		A12CDB5A1FB020B8003DE424 /* MissionSummary.swift */ = {isa = PBXFileReference; lastKnownFileType = sourcecode.swift; path = MissionSummary.swift; sourceTree = "<group>"; };
		A13118991FE0BE670031D9AE /* ActivityTableViewCell.swift */ = {isa = PBXFileReference; lastKnownFileType = sourcecode.swift; path = ActivityTableViewCell.swift; sourceTree = "<group>"; };
		A131189B1FE617080031D9AE /* SwitchTeamsVC.swift */ = {isa = PBXFileReference; lastKnownFileType = sourcecode.swift; path = SwitchTeamsVC.swift; sourceTree = "<group>"; };
		A131189D1FE6293E0031D9AE /* Team.swift */ = {isa = PBXFileReference; lastKnownFileType = sourcecode.swift; path = Team.swift; sourceTree = "<group>"; };
		A131189F1FE62B710031D9AE /* TeamTableViewCell.swift */ = {isa = PBXFileReference; lastKnownFileType = sourcecode.swift; path = TeamTableViewCell.swift; sourceTree = "<group>"; };
		A13118A11FE6323F0031D9AE /* SwitchTeamsDelegate.swift */ = {isa = PBXFileReference; lastKnownFileType = sourcecode.swift; path = SwitchTeamsDelegate.swift; sourceTree = "<group>"; };
		A13187B2207730690048FE95 /* VideoType.swift */ = {isa = PBXFileReference; lastKnownFileType = sourcecode.swift; path = VideoType.swift; sourceTree = "<group>"; };
		A13187B82078555E0048FE95 /* EditVideoMissionDescriptionVC.swift */ = {isa = PBXFileReference; lastKnownFileType = sourcecode.swift; path = EditVideoMissionDescriptionVC.swift; sourceTree = "<group>"; };
		A13187BB207B1AB20048FE95 /* cameraSwitch.png */ = {isa = PBXFileReference; lastKnownFileType = image.png; path = cameraSwitch.png; sourceTree = "<group>"; };
		A13187BC207B1AB20048FE95 /* speakerOn.png */ = {isa = PBXFileReference; lastKnownFileType = image.png; path = speakerOn.png; sourceTree = "<group>"; };
		A13187BD207B1AB20048FE95 /* microphoneOff.png */ = {isa = PBXFileReference; lastKnownFileType = image.png; path = microphoneOff.png; sourceTree = "<group>"; };
		A13187BE207B1AB30048FE95 /* callStart.png */ = {isa = PBXFileReference; lastKnownFileType = image.png; path = callStart.png; sourceTree = "<group>"; };
		A13187BF207B1AB30048FE95 /* speakerOff.png */ = {isa = PBXFileReference; lastKnownFileType = image.png; path = speakerOff.png; sourceTree = "<group>"; };
		A13187C0207B1AB30048FE95 /* callEnd.png */ = {isa = PBXFileReference; lastKnownFileType = image.png; path = callEnd.png; sourceTree = "<group>"; };
		A13187C1207B1AB30048FE95 /* microphoneOn.png */ = {isa = PBXFileReference; lastKnownFileType = image.png; path = microphoneOn.png; sourceTree = "<group>"; };
		A13187C2207B1AB30048FE95 /* cameraOnWhite.png */ = {isa = PBXFileReference; lastKnownFileType = image.png; path = cameraOnWhite.png; sourceTree = "<group>"; };
		A13187C3207B1AB30048FE95 /* cameraOff.png */ = {isa = PBXFileReference; lastKnownFileType = image.png; path = cameraOff.png; sourceTree = "<group>"; };
		A13187C4207B1AB30048FE95 /* cameraOn.png */ = {isa = PBXFileReference; lastKnownFileType = image.png; path = cameraOn.png; sourceTree = "<group>"; };
		A13187C5207B1AB30048FE95 /* microphoneOnWhite.png */ = {isa = PBXFileReference; lastKnownFileType = image.png; path = microphoneOnWhite.png; sourceTree = "<group>"; };
		A134C1AD2017ECD000B64939 /* Util.swift */ = {isa = PBXFileReference; lastKnownFileType = sourcecode.swift; path = Util.swift; sourceTree = "<group>"; };
		A134C1AF2017EFB500B64939 /* CallLegislatorEvent.swift */ = {isa = PBXFileReference; lastKnownFileType = sourcecode.swift; path = CallLegislatorEvent.swift; sourceTree = "<group>"; };
		A134C1B120183CD100B64939 /* MissionItem2.swift */ = {isa = PBXFileReference; lastKnownFileType = sourcecode.swift; path = MissionItem2.swift; sourceTree = "<group>"; };
		A134E52F206B20D800FEDBE6 /* VideoChatVC.swift */ = {isa = PBXFileReference; lastKnownFileType = sourcecode.swift; path = VideoChatVC.swift; sourceTree = "<group>"; };
		A134E53D206C66AB00FEDBE6 /* RemoteViewLayout.swift */ = {isa = PBXFileReference; lastKnownFileType = sourcecode.swift; path = RemoteViewLayout.swift; sourceTree = "<group>"; };
		A135C2FE20196A6200B50B49 /* AdminVC.swift */ = {isa = PBXFileReference; lastKnownFileType = sourcecode.swift; path = AdminVC.swift; sourceTree = "<group>"; };
		A135C30020197AE500B50B49 /* SearchUsersVC.swift */ = {isa = PBXFileReference; lastKnownFileType = sourcecode.swift; path = SearchUsersVC.swift; sourceTree = "<group>"; };
		A1369CAB1FE9C845008B426D /* NoMissionVC.swift */ = {isa = PBXFileReference; lastKnownFileType = sourcecode.swift; path = NoMissionVC.swift; sourceTree = "<group>"; };
		A137720420CCC77300566AFE /* VideoInvitation.swift */ = {isa = PBXFileReference; lastKnownFileType = sourcecode.swift; path = VideoInvitation.swift; sourceTree = "<group>"; };
		A137720620D0200000566AFE /* VideoInvitationsVC.swift */ = {isa = PBXFileReference; lastKnownFileType = sourcecode.swift; path = VideoInvitationsVC.swift; sourceTree = "<group>"; };
		A137720820D086FF00566AFE /* VideoInvitationCell.swift */ = {isa = PBXFileReference; lastKnownFileType = sourcecode.swift; path = VideoInvitationCell.swift; sourceTree = "<group>"; };
		A13F7AA52013EB7500EF0766 /* Legislator.swift */ = {isa = PBXFileReference; lastKnownFileType = sourcecode.swift; path = Legislator.swift; sourceTree = "<group>"; };
		A13F7AA72014031A00EF0766 /* LegislatorUI.swift */ = {isa = PBXFileReference; lastKnownFileType = sourcecode.swift; path = LegislatorUI.swift; sourceTree = "<group>"; };
		A13F7AA920141CF500EF0766 /* OfficeTableViewCell.swift */ = {isa = PBXFileReference; lastKnownFileType = sourcecode.swift; path = OfficeTableViewCell.swift; sourceTree = "<group>"; };
		A13F7AAD2015D04100EF0766 /* MyLegislatorsVC.swift */ = {isa = PBXFileReference; lastKnownFileType = sourcecode.swift; path = MyLegislatorsVC.swift; sourceTree = "<group>"; };
		A140C1C2201BDE58007CFB9C /* AddressNeededView.swift */ = {isa = PBXFileReference; lastKnownFileType = sourcecode.swift; path = AddressNeededView.swift; sourceTree = "<group>"; };
		A14187A42119F63E00524966 /* VideoEvent.swift */ = {isa = PBXFileReference; lastKnownFileType = sourcecode.swift; path = VideoEvent.swift; sourceTree = "<group>"; };
		A144EB832137360300005BDF /* DisabledViewController.swift */ = {isa = PBXFileReference; lastKnownFileType = sourcecode.swift; path = DisabledViewController.swift; sourceTree = "<group>"; };
		A148B1E320ACFEC100DB979C /* EditSocialMediaVC.swift */ = {isa = PBXFileReference; lastKnownFileType = sourcecode.swift; path = EditSocialMediaVC.swift; sourceTree = "<group>"; };
		A149B9A4210B55B500ACE10C /* VideoChatInstructionsView.swift */ = {isa = PBXFileReference; lastKnownFileType = sourcecode.swift; path = VideoChatInstructionsView.swift; sourceTree = "<group>"; };
		A159F9631FCF6F5E00204847 /* NoRoleAssignedDelegate.swift */ = {isa = PBXFileReference; lastKnownFileType = sourcecode.swift; path = NoRoleAssignedDelegate.swift; sourceTree = "<group>"; };
		A15D845C1FA8D04D007EE77C /* ViewController.swift */ = {isa = PBXFileReference; lastKnownFileType = sourcecode.swift; path = ViewController.swift; sourceTree = "<group>"; };
		A15D84631FA92976007EE77C /* SWRevealViewController.h */ = {isa = PBXFileReference; fileEncoding = 4; lastKnownFileType = sourcecode.c.h; name = SWRevealViewController.h; path = TelePatriot/SWRevealViewController.h; sourceTree = SOURCE_ROOT; };
		A15D84641FA92976007EE77C /* SWRevealViewController.m */ = {isa = PBXFileReference; fileEncoding = 4; lastKnownFileType = sourcecode.c.objc; path = SWRevealViewController.m; sourceTree = "<group>"; };
		A15DDE3C2074909E005331D5 /* IQKeyboardManagerSwift.framework */ = {isa = PBXFileReference; explicitFileType = wrapper.framework; path = IQKeyboardManagerSwift.framework; sourceTree = BUILT_PRODUCTS_DIR; };
		A171C801208BC2900017892A /* EditLegislatorForVideoVC.swift */ = {isa = PBXFileReference; lastKnownFileType = sourcecode.swift; path = EditLegislatorForVideoVC.swift; sourceTree = "<group>"; };
		A17B6ED31FD14EB300A3325C /* WrapUpViewController.swift */ = {isa = PBXFileReference; lastKnownFileType = sourcecode.swift; path = WrapUpViewController.swift; sourceTree = "<group>"; };
		A17B6ED51FD1EA7100A3325C /* MissionItem.swift */ = {isa = PBXFileReference; lastKnownFileType = sourcecode.swift; path = MissionItem.swift; sourceTree = "<group>"; };
		A17B6ED71FD2195F00A3325C /* AppDelegateDelegate.swift */ = {isa = PBXFileReference; lastKnownFileType = sourcecode.swift; path = AppDelegateDelegate.swift; sourceTree = "<group>"; };
		A17B6EFB1FD36C8A00A3325C /* WrapUpViewControllerDelegate.swift */ = {isa = PBXFileReference; lastKnownFileType = sourcecode.swift; path = WrapUpViewControllerDelegate.swift; sourceTree = "<group>"; };
		A17B6EFD1FD3928700A3325C /* TelePatriot.entitlements */ = {isa = PBXFileReference; lastKnownFileType = text.plist.entitlements; path = TelePatriot.entitlements; sourceTree = "<group>"; };
		A17B6EFE1FDDE44300A3325C /* ChooseSpreadsheetTypeVC.swift */ = {isa = PBXFileReference; lastKnownFileType = sourcecode.swift; path = ChooseSpreadsheetTypeVC.swift; sourceTree = "<group>"; };
		A17C7FAD1FAC1B6700430C05 /* FBSDKCoreKit.framework */ = {isa = PBXFileReference; lastKnownFileType = wrapper.framework; path = FBSDKCoreKit.framework; sourceTree = "<group>"; };
		A17C7FAF1FAC1B8200430C05 /* FBSDKLoginKit.framework */ = {isa = PBXFileReference; lastKnownFileType = wrapper.framework; path = FBSDKLoginKit.framework; sourceTree = "<group>"; };
		A17C7FB11FAC308D00430C05 /* HomeViewController.swift */ = {isa = PBXFileReference; lastKnownFileType = sourcecode.swift; path = HomeViewController.swift; sourceTree = "<group>"; };
		A185658F1FBAB5B2009EE57F /* TPUser.swift */ = {isa = PBXFileReference; lastKnownFileType = sourcecode.swift; path = TPUser.swift; sourceTree = "<group>"; };
		A18565911FBC0523009EE57F /* LimboViewController.swift */ = {isa = PBXFileReference; lastKnownFileType = sourcecode.swift; path = LimboViewController.swift; sourceTree = "<group>"; };
		A18565931FBC19A3009EE57F /* AccountStatusEventTableViewCell.swift */ = {isa = PBXFileReference; lastKnownFileType = sourcecode.swift; path = AccountStatusEventTableViewCell.swift; sourceTree = "<group>"; };
		A18565971FBCF2A6009EE57F /* AccountStatusEvent.swift */ = {isa = PBXFileReference; lastKnownFileType = sourcecode.swift; path = AccountStatusEvent.swift; sourceTree = "<group>"; };
		A190B47720095B0400ED51D6 /* UserIsBannedVC.swift */ = {isa = PBXFileReference; lastKnownFileType = sourcecode.swift; path = UserIsBannedVC.swift; sourceTree = "<group>"; };
		A190B47920095B3000ED51D6 /* UserMustSignCAViewController.swift */ = {isa = PBXFileReference; lastKnownFileType = sourcecode.swift; path = UserMustSignCAViewController.swift; sourceTree = "<group>"; };
		A190B47B20095D3B00ED51D6 /* CannotApproveUserVC.swift */ = {isa = PBXFileReference; lastKnownFileType = sourcecode.swift; path = CannotApproveUserVC.swift; sourceTree = "<group>"; };
		A19F6C392139D91D00A140C2 /* ShowMeHowVC.swift */ = {isa = PBXFileReference; lastKnownFileType = sourcecode.swift; path = ShowMeHowVC.swift; sourceTree = "<group>"; };
		A19F6C3B213A296C00A140C2 /* VideoOffer.swift */ = {isa = PBXFileReference; lastKnownFileType = sourcecode.swift; path = VideoOffer.swift; sourceTree = "<group>"; };
		A19F6C3D213A4E8E00A140C2 /* VideoOffersVC.swift */ = {isa = PBXFileReference; lastKnownFileType = sourcecode.swift; path = VideoOffersVC.swift; sourceTree = "<group>"; };
		A19F6C3F213A533900A140C2 /* VideoOfferCell.swift */ = {isa = PBXFileReference; lastKnownFileType = sourcecode.swift; path = VideoOfferCell.swift; sourceTree = "<group>"; };
		A1AD5C452009AC1400CB113E /* BackTracker.swift */ = {isa = PBXFileReference; lastKnownFileType = sourcecode.swift; path = BackTracker.swift; sourceTree = "<group>"; };
		A1AD5C472011A32900CB113E /* MyProfileVC.swift */ = {isa = PBXFileReference; lastKnownFileType = sourcecode.swift; path = MyProfileVC.swift; sourceTree = "<group>"; };
		A1B55463202A64B20083C066 /* MissionDetailsVC.swift */ = {isa = PBXFileReference; lastKnownFileType = sourcecode.swift; path = MissionDetailsVC.swift; sourceTree = "<group>"; };
		A1D37BB4213700C60059FFCD /* CBAPIEvent.swift */ = {isa = PBXFileReference; lastKnownFileType = sourcecode.swift; path = CBAPIEvent.swift; sourceTree = "<group>"; };
		A1D3919C1FCBD06700EA2CA2 /* DirectorViewControllerDelegate.swift */ = {isa = PBXFileReference; lastKnownFileType = sourcecode.swift; path = DirectorViewControllerDelegate.swift; sourceTree = "<group>"; };
		A1DD80581FE96158003F140C /* UnassignedUsersVC.swift */ = {isa = PBXFileReference; lastKnownFileType = sourcecode.swift; path = UnassignedUsersVC.swift; sourceTree = "<group>"; };
		A1DD805A1FE963BB003F140C /* TPUserTableViewCell.swift */ = {isa = PBXFileReference; lastKnownFileType = sourcecode.swift; path = TPUserTableViewCell.swift; sourceTree = "<group>"; };
		A1DD805E1FE97173003F140C /* AssignUserVC.swift */ = {isa = PBXFileReference; lastKnownFileType = sourcecode.swift; path = AssignUserVC.swift; sourceTree = "<group>"; };
		A1E8D86A2075A94D00E4F720 /* VideoNode.swift */ = {isa = PBXFileReference; lastKnownFileType = sourcecode.swift; path = VideoNode.swift; sourceTree = "<group>"; };
		A1E8D86C2075B24100E4F720 /* VideoParticipant.swift */ = {isa = PBXFileReference; lastKnownFileType = sourcecode.swift; path = VideoParticipant.swift; sourceTree = "<group>"; };
		A1EA20411FCE135100FF0ABB /* GoogleService-Info-Dev.plist */ = {isa = PBXFileReference; fileEncoding = 4; lastKnownFileType = text.plist.xml; path = "GoogleService-Info-Dev.plist"; sourceTree = "<group>"; };
		A1FD73371FE0725000A1B383 /* MissionItemEvent.swift */ = {isa = PBXFileReference; lastKnownFileType = sourcecode.swift; path = MissionItemEvent.swift; sourceTree = "<group>"; };
		A1FD73401FE094CF00A1B383 /* AllActivityVC.swift */ = {isa = PBXFileReference; lastKnownFileType = sourcecode.swift; path = AllActivityVC.swift; sourceTree = "<group>"; };
		F60D7E18A8FEAD8059C42035 /* Pods-TelePatriot.release.xcconfig */ = {isa = PBXFileReference; includeInIndex = 1; lastKnownFileType = text.xcconfig; name = "Pods-TelePatriot.release.xcconfig"; path = "Pods/Target Support Files/Pods-TelePatriot/Pods-TelePatriot.release.xcconfig"; sourceTree = "<group>"; };
/* End PBXFileReference section */

/* Begin PBXFrameworksBuildPhase section */
		A126AE0D1F8B1D860096714B /* Frameworks */ = {
			isa = PBXFrameworksBuildPhase;
			buildActionMask = 2147483647;
			files = (
				BDD7F2035B27F329A7F2E797 /* Pods_TelePatriot.framework in Frameworks */,
				A12CDB321FAE1605003DE424 /* FBSDKLoginKit.framework in Frameworks */,
				A12CDB331FAE160A003DE424 /* FBSDKCoreKit.framework in Frameworks */,
			);
			runOnlyForDeploymentPostprocessing = 0;
		};
/* End PBXFrameworksBuildPhase section */

/* Begin PBXGroup section */
		6C14AAE037617CE38112F246 /* Pods */ = {
			isa = PBXGroup;
			children = (
				9B10EA8C10D32C5053B267AA /* Pods-TelePatriot.debug.xcconfig */,
				F60D7E18A8FEAD8059C42035 /* Pods-TelePatriot.release.xcconfig */,
			);
			name = Pods;
			sourceTree = "<group>";
		};
		A126AE071F8B1D860096714B = {
			isa = PBXGroup;
			children = (
				A126AE121F8B1D860096714B /* TelePatriot */,
				A126AE111F8B1D860096714B /* Products */,
				6C14AAE037617CE38112F246 /* Pods */,
				BC6D4A42EB8157281A4D9794 /* Frameworks */,
			);
			sourceTree = "<group>";
		};
		A126AE111F8B1D860096714B /* Products */ = {
			isa = PBXGroup;
			children = (
				A126AE101F8B1D860096714B /* TelePatriot.app */,
			);
			name = Products;
			sourceTree = "<group>";
		};
		A126AE121F8B1D860096714B /* TelePatriot */ = {
			isa = PBXGroup;
			children = (
				A13187BA207B19970048FE95 /* Icons */,
				A1E8D8692075A90800E4F720 /* video */,
				A13B4C511FDF20EB00D5527E /* core */,
				A13B4C501FDF1FBF00D5527E /* misc */,
				A13B4C521FDF220800D5527E /* Admin */,
				A13B4C531FDF225D00D5527E /* Director */,
				A1FD73361FDF237B00A1B383 /* Volunteer */,
				A126AE271F8B25B40096714B /* GoogleService-Info.plist */,
				A17B6EFD1FD3928700A3325C /* TelePatriot.entitlements */,
				A1EA20411FCE135100FF0ABB /* GoogleService-Info-Dev.plist */,
				A126AE171F8B1D860096714B /* Main.storyboard */,
				A126AE1A1F8B1D860096714B /* Assets.xcassets */,
				A126AE1C1F8B1D860096714B /* LaunchScreen.storyboard */,
				A15D84631FA92976007EE77C /* SWRevealViewController.h */,
				A17C7FB11FAC308D00430C05 /* HomeViewController.swift */,
				A15D84641FA92976007EE77C /* SWRevealViewController.m */,
				A126AE1F1F8B1D860096714B /* Info.plist */,
				A109E8B81FC7DFCA0005517A /* ChatHelpViewController.swift */,
			);
			path = TelePatriot;
			sourceTree = "<group>";
		};
		A13187BA207B19970048FE95 /* Icons */ = {
			isa = PBXGroup;
			children = (
				A13187C0207B1AB30048FE95 /* callEnd.png */,
				A13187BE207B1AB30048FE95 /* callStart.png */,
				A13187C3207B1AB30048FE95 /* cameraOff.png */,
				A13187C4207B1AB30048FE95 /* cameraOn.png */,
				A13187C2207B1AB30048FE95 /* cameraOnWhite.png */,
				A13187BB207B1AB20048FE95 /* cameraSwitch.png */,
				A13187BD207B1AB20048FE95 /* microphoneOff.png */,
				A13187C1207B1AB30048FE95 /* microphoneOn.png */,
				A13187C5207B1AB30048FE95 /* microphoneOnWhite.png */,
				A13187BF207B1AB30048FE95 /* speakerOff.png */,
				A13187BC207B1AB20048FE95 /* speakerOn.png */,
			);
			path = Icons;
			sourceTree = "<group>";
		};
		A13B4C501FDF1FBF00D5527E /* misc */ = {
			isa = PBXGroup;
			children = (
				A140C1C2201BDE58007CFB9C /* AddressNeededView.swift */,
				A1217E301FCA199A0007ABF8 /* Call.swift */,
				A1217E341FCA24150007ABF8 /* CallButton.swift */,
				A134C1AD2017ECD000B64939 /* Util.swift */,
			);
			path = misc;
			sourceTree = "<group>";
		};
		A13B4C511FDF20EB00D5527E /* core */ = {
			isa = PBXGroup;
			children = (
				A126AE131F8B1D860096714B /* AppDelegate.swift */,
				A17B6ED71FD2195F00A3325C /* AppDelegateDelegate.swift */,
				A1AD5C452009AC1400CB113E /* BackTracker.swift */,
				A109E8BA1FC7E1F60005517A /* BaseButton.swift */,
				A12CDB3C1FAF77FE003DE424 /* BaseViewController.swift */,
				A134C1AF2017EFB500B64939 /* CallLegislatorEvent.swift */,
				A1D37BB4213700C60059FFCD /* CBAPIEvent.swift */,
				A109E8AA1FC564A50005517A /* CenterViewController.swift */,
				A109E8A01FC55E510005517A /* CenterViewControllerDelegate.swift */,
				A109E8AE1FC6233F0005517A /* ContainerViewController.swift */,
				A13F7AA52013EB7500EF0766 /* Legislator.swift */,
				A13F7AA72014031A00EF0766 /* LegislatorUI.swift */,
				A109E8A81FC5623E0005517A /* MenuCell.swift */,
				A109E8AC1FC565E60005517A /* MenuItem.swift */,
				A109E8C21FC86DFC0005517A /* MenuItems.swift */,
				A17B6ED51FD1EA7100A3325C /* MissionItem.swift */,
				A134C1B120183CD100B64939 /* MissionItem2.swift */,
				A1FD73371FE0725000A1B383 /* MissionItemEvent.swift */,
				A103A7BA2009768D00F78C6F /* MyAuthPicker.swift */,
				A13F7AAD2015D04100EF0766 /* MyLegislatorsVC.swift */,
				A1AD5C472011A32900CB113E /* MyProfileVC.swift */,
				A13F7AA920141CF500EF0766 /* OfficeTableViewCell.swift */,
				A109E8A61FC561370005517A /* SidePanelViewController.swift */,
				A109E8A21FC55F090005517A /* SidePanelViewControllerDelegate.swift */,
				A13118A11FE6323F0031D9AE /* SwitchTeamsDelegate.swift */,
				A131189B1FE617080031D9AE /* SwitchTeamsVC.swift */,
				A131189D1FE6293E0031D9AE /* Team.swift */,
				A131189F1FE62B710031D9AE /* TeamTableViewCell.swift */,
				A185658F1FBAB5B2009EE57F /* TPUser.swift */,
				A1DD805A1FE963BB003F140C /* TPUserTableViewCell.swift */,
				A15D845C1FA8D04D007EE77C /* ViewController.swift */,
			);
			path = core;
			sourceTree = "<group>";
		};
		A13B4C521FDF220800D5527E /* Admin */ = {
			isa = PBXGroup;
			children = (
				A18565971FBCF2A6009EE57F /* AccountStatusEvent.swift */,
				A18565931FBC19A3009EE57F /* AccountStatusEventTableViewCell.swift */,
				A135C2FE20196A6200B50B49 /* AdminVC.swift */,
				A12CDB421FAF7902003DE424 /* AdminViewController.swift */,
				A1DD805E1FE97173003F140C /* AssignUserVC.swift */,
				A190B47B20095D3B00ED51D6 /* CannotApproveUserVC.swift */,
				A144EB832137360300005BDF /* DisabledViewController.swift */,
				A18565911FBC0523009EE57F /* LimboViewController.swift */,
				A159F9631FCF6F5E00204847 /* NoRoleAssignedDelegate.swift */,
				A135C30020197AE500B50B49 /* SearchUsersVC.swift */,
				A19F6C392139D91D00A140C2 /* ShowMeHowVC.swift */,
				A1DD80581FE96158003F140C /* UnassignedUsersVC.swift */,
				A190B47720095B0400ED51D6 /* UserIsBannedVC.swift */,
				A190B47920095B3000ED51D6 /* UserMustSignCAViewController.swift */,
			);
			path = Admin;
			sourceTree = "<group>";
		};
		A13B4C531FDF225D00D5527E /* Director */ = {
			isa = PBXGroup;
			children = (
				A1FD73401FE094CF00A1B383 /* AllActivityVC.swift */,
				A13118991FE0BE670031D9AE /* ActivityTableViewCell.swift */,
				A17B6EFE1FDDE44300A3325C /* ChooseSpreadsheetTypeVC.swift */,
				A12CDB401FAF78F5003DE424 /* DirectorViewController.swift */,
				A1D3919C1FCBD06700EA2CA2 /* DirectorViewControllerDelegate.swift */,
				A1B55463202A64B20083C066 /* MissionDetailsVC.swift */,
				A12CDB5A1FB020B8003DE424 /* MissionSummary.swift */,
				A12CDB4C1FAFF537003DE424 /* MissionSummaryCellTableViewCell.swift */,
				A12CDB581FB01BF7003DE424 /* MissionSummaryTVC.swift */,
				A12CDB361FAF6495003DE424 /* NewPhoneCampaignVC.swift */,
			);
			path = Director;
			sourceTree = "<group>";
		};
		A1E8D8692075A90800E4F720 /* video */ = {
			isa = PBXGroup;
			children = (
				A171C801208BC2900017892A /* EditLegislatorForVideoVC.swift */,
				A148B1E320ACFEC100DB979C /* EditSocialMediaVC.swift */,
				A13187B82078555E0048FE95 /* EditVideoMissionDescriptionVC.swift */,
				A134E53D206C66AB00FEDBE6 /* RemoteViewLayout.swift */,
				A149B9A4210B55B500ACE10C /* VideoChatInstructionsView.swift */,
				A134E52F206B20D800FEDBE6 /* VideoChatVC.swift */,
				A14187A42119F63E00524966 /* VideoEvent.swift */,
				A1E8D86A2075A94D00E4F720 /* VideoNode.swift */,
				A137720420CCC77300566AFE /* VideoInvitation.swift */,
				A137720820D086FF00566AFE /* VideoInvitationCell.swift */,
				A137720620D0200000566AFE /* VideoInvitationsVC.swift */,
				A19F6C3B213A296C00A140C2 /* VideoOffer.swift */,
				A19F6C3F213A533900A140C2 /* VideoOfferCell.swift */,
				A19F6C3D213A4E8E00A140C2 /* VideoOffersVC.swift */,
				A1E8D86C2075B24100E4F720 /* VideoParticipant.swift */,
				A13187B2207730690048FE95 /* VideoType.swift */,
			);
			path = video;
			sourceTree = "<group>";
		};
		A1FD73361FDF237B00A1B383 /* Volunteer */ = {
			isa = PBXGroup;
			children = (
				A109E8B41FC7DEFC0005517A /* MyMissionViewController.swift */,
				A109E8B61FC7DFB80005517A /* SharePetitionViewController.swift */,
				A12CDB3E1FAF78E0003DE424 /* VolunteerViewController.swift */,
				A17B6ED31FD14EB300A3325C /* WrapUpViewController.swift */,
				A17B6EFB1FD36C8A00A3325C /* WrapUpViewControllerDelegate.swift */,
				A1369CAB1FE9C845008B426D /* NoMissionVC.swift */,
			);
			path = Volunteer;
			sourceTree = "<group>";
		};
		BC6D4A42EB8157281A4D9794 /* Frameworks */ = {
			isa = PBXGroup;
			children = (
				A15DDE3C2074909E005331D5 /* IQKeyboardManagerSwift.framework */,
				A17C7FAF1FAC1B8200430C05 /* FBSDKLoginKit.framework */,
				A17C7FAD1FAC1B6700430C05 /* FBSDKCoreKit.framework */,
				21D294FA8D7228FD2C9482C0 /* Pods_TelePatriot.framework */,
			);
			name = Frameworks;
			sourceTree = "<group>";
		};
/* End PBXGroup section */

/* Begin PBXNativeTarget section */
		A126AE0F1F8B1D860096714B /* TelePatriot */ = {
			isa = PBXNativeTarget;
			buildConfigurationList = A126AE221F8B1D860096714B /* Build configuration list for PBXNativeTarget "TelePatriot" */;
			buildPhases = (
				B04385EAF2614D8908D42114 /* [CP] Check Pods Manifest.lock */,
				A126AE0C1F8B1D860096714B /* Sources */,
				A126AE0D1F8B1D860096714B /* Frameworks */,
				A126AE0E1F8B1D860096714B /* Resources */,
				EA8FABEA1BD3E7A2695CF554 /* [CP] Embed Pods Frameworks */,
				9DE38E2A83F32C323EFFF34A /* [CP] Copy Pods Resources */,
			);
			buildRules = (
			);
			dependencies = (
			);
			name = TelePatriot;
			productName = TelePatriot;
			productReference = A126AE101F8B1D860096714B /* TelePatriot.app */;
			productType = "com.apple.product-type.application";
		};
/* End PBXNativeTarget section */

/* Begin PBXProject section */
		A126AE081F8B1D860096714B /* Project object */ = {
			isa = PBXProject;
			attributes = {
				LastSwiftUpdateCheck = 0900;
				LastUpgradeCheck = 0900;
				ORGANIZATIONNAME = "Brent Dunklau";
				TargetAttributes = {
					A126AE0F1F8B1D860096714B = {
						CreatedOnToolsVersion = 9.0;
						LastSwiftMigration = 0900;
						ProvisioningStyle = Automatic;
						SystemCapabilities = {
							com.apple.BackgroundModes = {
								enabled = 1;
							};
							com.apple.Keychain = {
								enabled = 1;
							};
							com.apple.Push = {
								enabled = 1;
							};
						};
					};
				};
			};
			buildConfigurationList = A126AE0B1F8B1D860096714B /* Build configuration list for PBXProject "TelePatriot" */;
			compatibilityVersion = "Xcode 8.0";
			developmentRegion = en;
			hasScannedForEncodings = 0;
			knownRegions = (
				en,
				Base,
			);
			mainGroup = A126AE071F8B1D860096714B;
			productRefGroup = A126AE111F8B1D860096714B /* Products */;
			projectDirPath = "";
			projectRoot = "";
			targets = (
				A126AE0F1F8B1D860096714B /* TelePatriot */,
			);
		};
/* End PBXProject section */

/* Begin PBXResourcesBuildPhase section */
		A126AE0E1F8B1D860096714B /* Resources */ = {
			isa = PBXResourcesBuildPhase;
			buildActionMask = 2147483647;
			files = (
				A1EA20421FCE135100FF0ABB /* GoogleService-Info-Dev.plist in Resources */,
				A13187CF207B1AB30048FE95 /* cameraOn.png in Resources */,
				A126AE1E1F8B1D860096714B /* LaunchScreen.storyboard in Resources */,
				A13187CD207B1AB30048FE95 /* cameraOnWhite.png in Resources */,
				A126AE281F8B25B40096714B /* GoogleService-Info.plist in Resources */,
				A13187C8207B1AB30048FE95 /* microphoneOff.png in Resources */,
				A13187CC207B1AB30048FE95 /* microphoneOn.png in Resources */,
				A13187CE207B1AB30048FE95 /* cameraOff.png in Resources */,
				A13187C9207B1AB30048FE95 /* callStart.png in Resources */,
				A126AE1B1F8B1D860096714B /* Assets.xcassets in Resources */,
				A13187D0207B1AB30048FE95 /* microphoneOnWhite.png in Resources */,
				A13187C7207B1AB30048FE95 /* speakerOn.png in Resources */,
				A13187C6207B1AB30048FE95 /* cameraSwitch.png in Resources */,
				A126AE191F8B1D860096714B /* Main.storyboard in Resources */,
				A13187CB207B1AB30048FE95 /* callEnd.png in Resources */,
				A13187CA207B1AB30048FE95 /* speakerOff.png in Resources */,
			);
			runOnlyForDeploymentPostprocessing = 0;
		};
/* End PBXResourcesBuildPhase section */

/* Begin PBXShellScriptBuildPhase section */
		9DE38E2A83F32C323EFFF34A /* [CP] Copy Pods Resources */ = {
			isa = PBXShellScriptBuildPhase;
			buildActionMask = 2147483647;
			files = (
			);
			inputPaths = (
				"${SRCROOT}/Pods/Target Support Files/Pods-TelePatriot/Pods-TelePatriot-resources.sh",
				"${PODS_ROOT}/FirebaseInvites/Resources/GINInviteResources.bundle",
				"${PODS_ROOT}/FirebaseInvites/Resources/GPPACLPickerResources.bundle",
				"${PODS_CONFIGURATION_BUILD_DIR}/FirebaseUI/FirebaseAuthUI.bundle",
				"${PODS_CONFIGURATION_BUILD_DIR}/FirebaseUI/FirebaseFacebookAuthUI.bundle",
				"${PODS_CONFIGURATION_BUILD_DIR}/FirebaseUI/FirebaseGoogleAuthUI.bundle",
				"${PODS_CONFIGURATION_BUILD_DIR}/FirebaseUI/FirebasePhoneAuthUI.bundle",
				"${PODS_CONFIGURATION_BUILD_DIR}/FirebaseUI/FirebaseTwitterAuthUI.bundle",
				"${PODS_ROOT}/GoogleSignIn/Resources/GoogleSignIn.bundle",
				"${PODS_ROOT}/TwitterKit/iOS/TwitterKit.framework/TwitterKitResources.bundle",
			);
			name = "[CP] Copy Pods Resources";
			outputPaths = (
				"${TARGET_BUILD_DIR}/${UNLOCALIZED_RESOURCES_FOLDER_PATH}/GINInviteResources.bundle",
				"${TARGET_BUILD_DIR}/${UNLOCALIZED_RESOURCES_FOLDER_PATH}/GPPACLPickerResources.bundle",
				"${TARGET_BUILD_DIR}/${UNLOCALIZED_RESOURCES_FOLDER_PATH}/FirebaseAuthUI.bundle",
				"${TARGET_BUILD_DIR}/${UNLOCALIZED_RESOURCES_FOLDER_PATH}/FirebaseFacebookAuthUI.bundle",
				"${TARGET_BUILD_DIR}/${UNLOCALIZED_RESOURCES_FOLDER_PATH}/FirebaseGoogleAuthUI.bundle",
				"${TARGET_BUILD_DIR}/${UNLOCALIZED_RESOURCES_FOLDER_PATH}/FirebasePhoneAuthUI.bundle",
				"${TARGET_BUILD_DIR}/${UNLOCALIZED_RESOURCES_FOLDER_PATH}/FirebaseTwitterAuthUI.bundle",
				"${TARGET_BUILD_DIR}/${UNLOCALIZED_RESOURCES_FOLDER_PATH}/GoogleSignIn.bundle",
				"${TARGET_BUILD_DIR}/${UNLOCALIZED_RESOURCES_FOLDER_PATH}/TwitterKitResources.bundle",
			);
			runOnlyForDeploymentPostprocessing = 0;
			shellPath = /bin/sh;
			shellScript = "\"${SRCROOT}/Pods/Target Support Files/Pods-TelePatriot/Pods-TelePatriot-resources.sh\"\n";
			showEnvVarsInLog = 0;
		};
		B04385EAF2614D8908D42114 /* [CP] Check Pods Manifest.lock */ = {
			isa = PBXShellScriptBuildPhase;
			buildActionMask = 2147483647;
			files = (
			);
			inputPaths = (
				"${PODS_PODFILE_DIR_PATH}/Podfile.lock",
				"${PODS_ROOT}/Manifest.lock",
			);
			name = "[CP] Check Pods Manifest.lock";
			outputPaths = (
				"$(DERIVED_FILE_DIR)/Pods-TelePatriot-checkManifestLockResult.txt",
			);
			runOnlyForDeploymentPostprocessing = 0;
			shellPath = /bin/sh;
			shellScript = "diff \"${PODS_PODFILE_DIR_PATH}/Podfile.lock\" \"${PODS_ROOT}/Manifest.lock\" > /dev/null\nif [ $? != 0 ] ; then\n    # print error to STDERR\n    echo \"error: The sandbox is not in sync with the Podfile.lock. Run 'pod install' or update your CocoaPods installation.\" >&2\n    exit 1\nfi\n# This output is used by Xcode 'outputs' to avoid re-running this script phase.\necho \"SUCCESS\" > \"${SCRIPT_OUTPUT_FILE_0}\"\n";
			showEnvVarsInLog = 0;
		};
		EA8FABEA1BD3E7A2695CF554 /* [CP] Embed Pods Frameworks */ = {
			isa = PBXShellScriptBuildPhase;
			buildActionMask = 2147483647;
			files = (
			);
			inputPaths = (
				"${SRCROOT}/Pods/Target Support Files/Pods-TelePatriot/Pods-TelePatriot-frameworks.sh",
				"${BUILT_PRODUCTS_DIR}/Bolts/Bolts.framework",
				"${BUILT_PRODUCTS_DIR}/BoringSSL-GRPC/openssl.framework",
				"${BUILT_PRODUCTS_DIR}/FBSDKCoreKit/FBSDKCoreKit.framework",
				"${BUILT_PRODUCTS_DIR}/FBSDKLoginKit/FBSDKLoginKit.framework",
				"${BUILT_PRODUCTS_DIR}/FBSDKShareKit/FBSDKShareKit.framework",
				"${BUILT_PRODUCTS_DIR}/GTMOAuth2/GTMOAuth2.framework",
				"${BUILT_PRODUCTS_DIR}/GTMSessionFetcher/GTMSessionFetcher.framework",
				"${BUILT_PRODUCTS_DIR}/GoogleAPIClientForREST/GoogleAPIClientForREST.framework",
				"${BUILT_PRODUCTS_DIR}/GoogleToolboxForMac/GoogleToolboxForMac.framework",
				"${BUILT_PRODUCTS_DIR}/IQKeyboardManagerSwift/IQKeyboardManagerSwift.framework",
				"${BUILT_PRODUCTS_DIR}/Protobuf/Protobuf.framework",
				"${BUILT_PRODUCTS_DIR}/SDWebImage/SDWebImage.framework",
				"${PODS_ROOT}/TwilioVideo/Build/iOS/TwilioVideo.framework",
				"${PODS_ROOT}/TwitterCore/iOS/TwitterCore.framework",
				"${PODS_ROOT}/TwitterKit/iOS/TwitterKit.framework",
				"${BUILT_PRODUCTS_DIR}/gRPC/GRPCClient.framework",
				"${BUILT_PRODUCTS_DIR}/gRPC-Core/grpc.framework",
				"${BUILT_PRODUCTS_DIR}/gRPC-ProtoRPC/ProtoRPC.framework",
				"${BUILT_PRODUCTS_DIR}/gRPC-RxLibrary/RxLibrary.framework",
				"${BUILT_PRODUCTS_DIR}/leveldb-library/leveldb.framework",
				"${BUILT_PRODUCTS_DIR}/nanopb/nanopb.framework",
			);
			name = "[CP] Embed Pods Frameworks";
			outputPaths = (
				"${TARGET_BUILD_DIR}/${FRAMEWORKS_FOLDER_PATH}/Bolts.framework",
				"${TARGET_BUILD_DIR}/${FRAMEWORKS_FOLDER_PATH}/openssl.framework",
				"${TARGET_BUILD_DIR}/${FRAMEWORKS_FOLDER_PATH}/FBSDKCoreKit.framework",
				"${TARGET_BUILD_DIR}/${FRAMEWORKS_FOLDER_PATH}/FBSDKLoginKit.framework",
				"${TARGET_BUILD_DIR}/${FRAMEWORKS_FOLDER_PATH}/FBSDKShareKit.framework",
				"${TARGET_BUILD_DIR}/${FRAMEWORKS_FOLDER_PATH}/GTMOAuth2.framework",
				"${TARGET_BUILD_DIR}/${FRAMEWORKS_FOLDER_PATH}/GTMSessionFetcher.framework",
				"${TARGET_BUILD_DIR}/${FRAMEWORKS_FOLDER_PATH}/GoogleAPIClientForREST.framework",
				"${TARGET_BUILD_DIR}/${FRAMEWORKS_FOLDER_PATH}/GoogleToolboxForMac.framework",
				"${TARGET_BUILD_DIR}/${FRAMEWORKS_FOLDER_PATH}/IQKeyboardManagerSwift.framework",
				"${TARGET_BUILD_DIR}/${FRAMEWORKS_FOLDER_PATH}/Protobuf.framework",
				"${TARGET_BUILD_DIR}/${FRAMEWORKS_FOLDER_PATH}/SDWebImage.framework",
				"${TARGET_BUILD_DIR}/${FRAMEWORKS_FOLDER_PATH}/TwilioVideo.framework",
				"${TARGET_BUILD_DIR}/${FRAMEWORKS_FOLDER_PATH}/TwitterCore.framework",
				"${TARGET_BUILD_DIR}/${FRAMEWORKS_FOLDER_PATH}/TwitterKit.framework",
				"${TARGET_BUILD_DIR}/${FRAMEWORKS_FOLDER_PATH}/GRPCClient.framework",
				"${TARGET_BUILD_DIR}/${FRAMEWORKS_FOLDER_PATH}/grpc.framework",
				"${TARGET_BUILD_DIR}/${FRAMEWORKS_FOLDER_PATH}/ProtoRPC.framework",
				"${TARGET_BUILD_DIR}/${FRAMEWORKS_FOLDER_PATH}/RxLibrary.framework",
				"${TARGET_BUILD_DIR}/${FRAMEWORKS_FOLDER_PATH}/leveldb.framework",
				"${TARGET_BUILD_DIR}/${FRAMEWORKS_FOLDER_PATH}/nanopb.framework",
			);
			runOnlyForDeploymentPostprocessing = 0;
			shellPath = /bin/sh;
			shellScript = "\"${SRCROOT}/Pods/Target Support Files/Pods-TelePatriot/Pods-TelePatriot-frameworks.sh\"\n";
			showEnvVarsInLog = 0;
		};
/* End PBXShellScriptBuildPhase section */

/* Begin PBXSourcesBuildPhase section */
		A126AE0C1F8B1D860096714B /* Sources */ = {
			isa = PBXSourcesBuildPhase;
			buildActionMask = 2147483647;
			files = (
				A134C1B02017EFB500B64939 /* CallLegislatorEvent.swift in Sources */,
				A1DD805F1FE97173003F140C /* AssignUserVC.swift in Sources */,
				A1369CAC1FE9C845008B426D /* NoMissionVC.swift in Sources */,
				A144EB842137360300005BDF /* DisabledViewController.swift in Sources */,
				A13118A21FE6323F0031D9AE /* SwitchTeamsDelegate.swift in Sources */,
				A1D37BB5213700C60059FFCD /* CBAPIEvent.swift in Sources */,
				A137720920D086FF00566AFE /* VideoInvitationCell.swift in Sources */,
				A109E8AD1FC565E60005517A /* MenuItem.swift in Sources */,
				A19F6C3C213A296C00A140C2 /* VideoOffer.swift in Sources */,
				A1217E311FCA199A0007ABF8 /* Call.swift in Sources */,
				A190B47820095B0500ED51D6 /* UserIsBannedVC.swift in Sources */,
				A1E8D86D2075B24100E4F720 /* VideoParticipant.swift in Sources */,
				A19F6C40213A533900A140C2 /* VideoOfferCell.swift in Sources */,
				A1AD5C482011A32900CB113E /* MyProfileVC.swift in Sources */,
				A18565951FBC19A3009EE57F /* AccountStatusEventTableViewCell.swift in Sources */,
				A12CDB431FAF7902003DE424 /* AdminViewController.swift in Sources */,
				A17C7FB21FAC308D00430C05 /* HomeViewController.swift in Sources */,
				A109E8A31FC55F090005517A /* SidePanelViewControllerDelegate.swift in Sources */,
				A131189A1FE0BE670031D9AE /* ActivityTableViewCell.swift in Sources */,
				A134E53E206C66AB00FEDBE6 /* RemoteViewLayout.swift in Sources */,
				A17B6ED61FD1EA7100A3325C /* MissionItem.swift in Sources */,
				A1D3919D1FCBD06700EA2CA2 /* DirectorViewControllerDelegate.swift in Sources */,
				A149B9A5210B55B500ACE10C /* VideoChatInstructionsView.swift in Sources */,
				A18565921FBC0523009EE57F /* LimboViewController.swift in Sources */,
				A19F6C3E213A4E8E00A140C2 /* VideoOffersVC.swift in Sources */,
				A15D845D1FA8D04D007EE77C /* ViewController.swift in Sources */,
				A190B47C20095D3B00ED51D6 /* CannotApproveUserVC.swift in Sources */,
				A109E8C31FC86DFC0005517A /* MenuItems.swift in Sources */,
				A12CDB411FAF78F5003DE424 /* DirectorViewController.swift in Sources */,
				A137720720D0200000566AFE /* VideoInvitationsVC.swift in Sources */,
				A18565981FBCF2A6009EE57F /* AccountStatusEvent.swift in Sources */,
				A109E8AF1FC6233F0005517A /* ContainerViewController.swift in Sources */,
				A1DD805B1FE963BB003F140C /* TPUserTableViewCell.swift in Sources */,
				A126AE141F8B1D860096714B /* AppDelegate.swift in Sources */,
				A148B1E420ACFEC100DB979C /* EditSocialMediaVC.swift in Sources */,
				A13187B92078555E0048FE95 /* EditVideoMissionDescriptionVC.swift in Sources */,
				A19F6C3A2139D91D00A140C2 /* ShowMeHowVC.swift in Sources */,
				A140C1C3201BDE58007CFB9C /* AddressNeededView.swift in Sources */,
				A131189E1FE6293E0031D9AE /* Team.swift in Sources */,
				A103A7BB2009768D00F78C6F /* MyAuthPicker.swift in Sources */,
				A1217E351FCA24150007ABF8 /* CallButton.swift in Sources */,
				A134E530206B20D800FEDBE6 /* VideoChatVC.swift in Sources */,
				A134C1B220183CD100B64939 /* MissionItem2.swift in Sources */,
				A1B55464202A64B20083C066 /* MissionDetailsVC.swift in Sources */,
				A12CDB4E1FAFF537003DE424 /* MissionSummaryCellTableViewCell.swift in Sources */,
				A171C802208BC2900017892A /* EditLegislatorForVideoVC.swift in Sources */,
				A109E8A11FC55E510005517A /* CenterViewControllerDelegate.swift in Sources */,
				A13187B3207730690048FE95 /* VideoType.swift in Sources */,
				A109E8B91FC7DFCA0005517A /* ChatHelpViewController.swift in Sources */,
				A17B6ED41FD14EB300A3325C /* WrapUpViewController.swift in Sources */,
				A1FD73411FE094CF00A1B383 /* AllActivityVC.swift in Sources */,
				A109E8A71FC561370005517A /* SidePanelViewController.swift in Sources */,
				A12CDB371FAF6495003DE424 /* NewPhoneCampaignVC.swift in Sources */,
				A13118A01FE62B710031D9AE /* TeamTableViewCell.swift in Sources */,
				A13F7AAA20141CF500EF0766 /* OfficeTableViewCell.swift in Sources */,
				A14187A52119F63E00524966 /* VideoEvent.swift in Sources */,
				A190B47A20095B3000ED51D6 /* UserMustSignCAViewController.swift in Sources */,
				A1E8D86B2075A94D00E4F720 /* VideoNode.swift in Sources */,
				A1DD80591FE96158003F140C /* UnassignedUsersVC.swift in Sources */,
				A135C30120197AE500B50B49 /* SearchUsersVC.swift in Sources */,
				A17B6ED81FD2195F00A3325C /* AppDelegateDelegate.swift in Sources */,
				A109E8B51FC7DEFC0005517A /* MyMissionViewController.swift in Sources */,
				A109E8A91FC5623E0005517A /* MenuCell.swift in Sources */,
				A12CDB5B1FB020B8003DE424 /* MissionSummary.swift in Sources */,
				A1FD73381FE0725100A1B383 /* MissionItemEvent.swift in Sources */,
				A109E8BB1FC7E1F60005517A /* BaseButton.swift in Sources */,
				A18565901FBAB5B2009EE57F /* TPUser.swift in Sources */,
				A15D84651FA92976007EE77C /* SWRevealViewController.m in Sources */,
				A131189C1FE617080031D9AE /* SwitchTeamsVC.swift in Sources */,
				A12CDB3F1FAF78E0003DE424 /* VolunteerViewController.swift in Sources */,
				A159F9641FCF6F5E00204847 /* NoRoleAssignedDelegate.swift in Sources */,
				A109E8AB1FC564A50005517A /* CenterViewController.swift in Sources */,
				A137720520CCC77300566AFE /* VideoInvitation.swift in Sources */,
				A13F7AA62013EB7500EF0766 /* Legislator.swift in Sources */,
				A135C2FF20196A6200B50B49 /* AdminVC.swift in Sources */,
				A13F7AA82014031A00EF0766 /* LegislatorUI.swift in Sources */,
				A134C1AE2017ECD000B64939 /* Util.swift in Sources */,
				A12CDB3D1FAF77FE003DE424 /* BaseViewController.swift in Sources */,
				A13F7AAE2015D04100EF0766 /* MyLegislatorsVC.swift in Sources */,
				A109E8B71FC7DFB80005517A /* SharePetitionViewController.swift in Sources */,
				A17B6EFC1FD36C8A00A3325C /* WrapUpViewControllerDelegate.swift in Sources */,
				A1AD5C462009AC1400CB113E /* BackTracker.swift in Sources */,
				A12CDB591FB01BF7003DE424 /* MissionSummaryTVC.swift in Sources */,
				A17B6EFF1FDDE44300A3325C /* ChooseSpreadsheetTypeVC.swift in Sources */,
			);
			runOnlyForDeploymentPostprocessing = 0;
		};
/* End PBXSourcesBuildPhase section */

/* Begin PBXVariantGroup section */
		A126AE171F8B1D860096714B /* Main.storyboard */ = {
			isa = PBXVariantGroup;
			children = (
				A126AE181F8B1D860096714B /* Base */,
			);
			name = Main.storyboard;
			sourceTree = "<group>";
		};
		A126AE1C1F8B1D860096714B /* LaunchScreen.storyboard */ = {
			isa = PBXVariantGroup;
			children = (
				A126AE1D1F8B1D860096714B /* Base */,
			);
			name = LaunchScreen.storyboard;
			sourceTree = "<group>";
		};
/* End PBXVariantGroup section */

/* Begin XCBuildConfiguration section */
		A126AE201F8B1D860096714B /* Debug */ = {
			isa = XCBuildConfiguration;
			buildSettings = {
				ALWAYS_SEARCH_USER_PATHS = NO;
				CLANG_ANALYZER_NONNULL = YES;
				CLANG_ANALYZER_NUMBER_OBJECT_CONVERSION = YES_AGGRESSIVE;
				CLANG_CXX_LANGUAGE_STANDARD = "gnu++14";
				CLANG_CXX_LIBRARY = "libc++";
				CLANG_ENABLE_MODULES = YES;
				CLANG_ENABLE_OBJC_ARC = YES;
				CLANG_WARN_BLOCK_CAPTURE_AUTORELEASING = YES;
				CLANG_WARN_BOOL_CONVERSION = YES;
				CLANG_WARN_COMMA = YES;
				CLANG_WARN_CONSTANT_CONVERSION = YES;
				CLANG_WARN_DIRECT_OBJC_ISA_USAGE = YES_ERROR;
				CLANG_WARN_DOCUMENTATION_COMMENTS = YES;
				CLANG_WARN_EMPTY_BODY = YES;
				CLANG_WARN_ENUM_CONVERSION = YES;
				CLANG_WARN_INFINITE_RECURSION = YES;
				CLANG_WARN_INT_CONVERSION = YES;
				CLANG_WARN_NON_LITERAL_NULL_CONVERSION = YES;
				CLANG_WARN_OBJC_LITERAL_CONVERSION = YES;
				CLANG_WARN_OBJC_ROOT_CLASS = YES_ERROR;
				CLANG_WARN_RANGE_LOOP_ANALYSIS = YES;
				CLANG_WARN_STRICT_PROTOTYPES = YES;
				CLANG_WARN_SUSPICIOUS_MOVE = YES;
				CLANG_WARN_UNGUARDED_AVAILABILITY = YES_AGGRESSIVE;
				CLANG_WARN_UNREACHABLE_CODE = YES;
				CLANG_WARN__DUPLICATE_METHOD_MATCH = YES;
				CODE_SIGN_IDENTITY = "iPhone Developer";
				COPY_PHASE_STRIP = NO;
				DEBUG_INFORMATION_FORMAT = dwarf;
				ENABLE_STRICT_OBJC_MSGSEND = YES;
				ENABLE_TESTABILITY = YES;
				GCC_C_LANGUAGE_STANDARD = gnu11;
				GCC_DYNAMIC_NO_PIC = NO;
				GCC_NO_COMMON_BLOCKS = YES;
				GCC_OPTIMIZATION_LEVEL = 0;
				GCC_PREPROCESSOR_DEFINITIONS = (
					"DEBUG=1",
					"$(inherited)",
				);
				GCC_WARN_64_TO_32_BIT_CONVERSION = YES;
				GCC_WARN_ABOUT_RETURN_TYPE = YES_ERROR;
				GCC_WARN_UNDECLARED_SELECTOR = YES;
				GCC_WARN_UNINITIALIZED_AUTOS = YES_AGGRESSIVE;
				GCC_WARN_UNUSED_FUNCTION = YES;
				GCC_WARN_UNUSED_VARIABLE = YES;
				IPHONEOS_DEPLOYMENT_TARGET = 10.0;
				MTL_ENABLE_DEBUG_INFO = YES;
				ONLY_ACTIVE_ARCH = YES;
				SDKROOT = iphoneos;
				SWIFT_ACTIVE_COMPILATION_CONDITIONS = DEBUG;
				SWIFT_OPTIMIZATION_LEVEL = "-Onone";
			};
			name = Debug;
		};
		A126AE211F8B1D860096714B /* Release */ = {
			isa = XCBuildConfiguration;
			buildSettings = {
				ALWAYS_SEARCH_USER_PATHS = NO;
				CLANG_ANALYZER_NONNULL = YES;
				CLANG_ANALYZER_NUMBER_OBJECT_CONVERSION = YES_AGGRESSIVE;
				CLANG_CXX_LANGUAGE_STANDARD = "gnu++14";
				CLANG_CXX_LIBRARY = "libc++";
				CLANG_ENABLE_MODULES = YES;
				CLANG_ENABLE_OBJC_ARC = YES;
				CLANG_WARN_BLOCK_CAPTURE_AUTORELEASING = YES;
				CLANG_WARN_BOOL_CONVERSION = YES;
				CLANG_WARN_COMMA = YES;
				CLANG_WARN_CONSTANT_CONVERSION = YES;
				CLANG_WARN_DIRECT_OBJC_ISA_USAGE = YES_ERROR;
				CLANG_WARN_DOCUMENTATION_COMMENTS = YES;
				CLANG_WARN_EMPTY_BODY = YES;
				CLANG_WARN_ENUM_CONVERSION = YES;
				CLANG_WARN_INFINITE_RECURSION = YES;
				CLANG_WARN_INT_CONVERSION = YES;
				CLANG_WARN_NON_LITERAL_NULL_CONVERSION = YES;
				CLANG_WARN_OBJC_LITERAL_CONVERSION = YES;
				CLANG_WARN_OBJC_ROOT_CLASS = YES_ERROR;
				CLANG_WARN_RANGE_LOOP_ANALYSIS = YES;
				CLANG_WARN_STRICT_PROTOTYPES = YES;
				CLANG_WARN_SUSPICIOUS_MOVE = YES;
				CLANG_WARN_UNGUARDED_AVAILABILITY = YES_AGGRESSIVE;
				CLANG_WARN_UNREACHABLE_CODE = YES;
				CLANG_WARN__DUPLICATE_METHOD_MATCH = YES;
				"CODE_SIGN_ENTITLEMENTS[sdk=*]" = "";
				CODE_SIGN_IDENTITY = "iPhone Developer";
				COPY_PHASE_STRIP = NO;
				DEBUG_INFORMATION_FORMAT = "dwarf-with-dsym";
				ENABLE_NS_ASSERTIONS = NO;
				ENABLE_STRICT_OBJC_MSGSEND = YES;
				GCC_C_LANGUAGE_STANDARD = gnu11;
				GCC_NO_COMMON_BLOCKS = YES;
				GCC_WARN_64_TO_32_BIT_CONVERSION = YES;
				GCC_WARN_ABOUT_RETURN_TYPE = YES_ERROR;
				GCC_WARN_UNDECLARED_SELECTOR = YES;
				GCC_WARN_UNINITIALIZED_AUTOS = YES_AGGRESSIVE;
				GCC_WARN_UNUSED_FUNCTION = YES;
				GCC_WARN_UNUSED_VARIABLE = YES;
				IPHONEOS_DEPLOYMENT_TARGET = 10.0;
				MTL_ENABLE_DEBUG_INFO = NO;
				SDKROOT = iphoneos;
				SWIFT_OPTIMIZATION_LEVEL = "-Owholemodule";
				VALIDATE_PRODUCT = YES;
			};
			name = Release;
		};
		A126AE231F8B1D860096714B /* Debug */ = {
			isa = XCBuildConfiguration;
			baseConfigurationReference = 9B10EA8C10D32C5053B267AA /* Pods-TelePatriot.debug.xcconfig */;
			buildSettings = {
				ASSETCATALOG_COMPILER_APPICON_NAME = AppIcon;
				CLANG_ENABLE_MODULES = YES;
				CODE_SIGN_ENTITLEMENTS = TelePatriot/TelePatriot.entitlements;
				CODE_SIGN_STYLE = Automatic;
				DEVELOPMENT_TEAM = 3U34TQ32MY;
				ENABLE_BITCODE = NO;
				FRAMEWORK_SEARCH_PATHS = (
					"$(inherited)",
					"$(PROJECT_DIR)",
					"~/Documents/FacebookSDK",
					"$(PROJECT_DIR)/TelePatriot",
					"$(PROJECT_DIR)",
				);
				HEADER_SEARCH_PATHS = (
					"$(PROJECT_DIR)",
					"$(inherited)",
					"${PODS_ROOT}/Firebase/Core/Sources",
					"$(inherited)",
					"\"${PODS_ROOT}/Headers/Public\"",
					"\"${PODS_ROOT}/Headers/Public/Fabric\"",
					"\"${PODS_ROOT}/Headers/Public/Firebase\"",
					"\"${PODS_ROOT}/Headers/Public/FirebaseABTesting\"",
					"\"${PODS_ROOT}/Headers/Public/FirebaseAnalytics\"",
					"\"${PODS_ROOT}/Headers/Public/FirebaseAuth\"",
					"\"${PODS_ROOT}/Headers/Public/FirebaseCore\"",
					"\"${PODS_ROOT}/Headers/Public/FirebaseCrash\"",
					"\"${PODS_ROOT}/Headers/Public/FirebaseDatabase\"",
					"\"${PODS_ROOT}/Headers/Public/FirebaseDynamicLinks\"",
					"\"${PODS_ROOT}/Headers/Public/FirebaseInstanceID\"",
					"\"${PODS_ROOT}/Headers/Public/FirebaseInvites\"",
					"\"${PODS_ROOT}/Headers/Public/FirebaseMessaging\"",
					"\"${PODS_ROOT}/Headers/Public/FirebaseRemoteConfig\"",
					"\"${PODS_ROOT}/Headers/Public/FirebaseStorage\"",
					"\"${PODS_ROOT}/Headers/Public/FirebaseUI\"",
					"\"${PODS_ROOT}/Headers/Public/GoogleSignIn\"",
					"\"${PODS_ROOT}/Headers/Public/TwitterCore\"",
					"\"${PODS_ROOT}/Headers/Public/TwitterKit\"",
				);
				INFOPLIST_FILE = TelePatriot/Info.plist;
				IPHONEOS_DEPLOYMENT_TARGET = 10.0;
				LD_RUNPATH_SEARCH_PATHS = "$(inherited) @executable_path/Frameworks";
				MACH_O_TYPE = mh_execute;
				PRODUCT_BUNDLE_IDENTIFIER = com.brentdunklau.TelePatriot;
				PRODUCT_NAME = "$(TARGET_NAME)";
				"PROVISIONING_PROFILE_SPECIFIER[sdk=*]" = "";
				SWIFT_OPTIMIZATION_LEVEL = "-Onone";
				SWIFT_VERSION = 4.0;
				TARGETED_DEVICE_FAMILY = 1;
			};
			name = Debug;
		};
		A126AE241F8B1D860096714B /* Release */ = {
			isa = XCBuildConfiguration;
			baseConfigurationReference = F60D7E18A8FEAD8059C42035 /* Pods-TelePatriot.release.xcconfig */;
			buildSettings = {
				ASSETCATALOG_COMPILER_APPICON_NAME = AppIcon;
				CLANG_ENABLE_MODULES = YES;
				CODE_SIGN_ENTITLEMENTS = TelePatriot/TelePatriot.entitlements;
				CODE_SIGN_STYLE = Automatic;
				DEVELOPMENT_TEAM = 3U34TQ32MY;
				ENABLE_BITCODE = NO;
				FRAMEWORK_SEARCH_PATHS = (
					"$(inherited)",
					"$(PROJECT_DIR)",
					"~/Documents/FacebookSDK",
					"$(PROJECT_DIR)/TelePatriot",
					"$(PROJECT_DIR)",
				);
				HEADER_SEARCH_PATHS = (
					"$(PROJECT_DIR)",
					"$(inherited)",
					"${PODS_ROOT}/Firebase/Core/Sources",
					"$(inherited)",
					"\"${PODS_ROOT}/Headers/Public\"",
					"\"${PODS_ROOT}/Headers/Public/Fabric\"",
					"\"${PODS_ROOT}/Headers/Public/Firebase\"",
					"\"${PODS_ROOT}/Headers/Public/FirebaseABTesting\"",
					"\"${PODS_ROOT}/Headers/Public/FirebaseAnalytics\"",
					"\"${PODS_ROOT}/Headers/Public/FirebaseAuth\"",
					"\"${PODS_ROOT}/Headers/Public/FirebaseCore\"",
					"\"${PODS_ROOT}/Headers/Public/FirebaseCrash\"",
					"\"${PODS_ROOT}/Headers/Public/FirebaseDatabase\"",
					"\"${PODS_ROOT}/Headers/Public/FirebaseDynamicLinks\"",
					"\"${PODS_ROOT}/Headers/Public/FirebaseInstanceID\"",
					"\"${PODS_ROOT}/Headers/Public/FirebaseInvites\"",
					"\"${PODS_ROOT}/Headers/Public/FirebaseMessaging\"",
					"\"${PODS_ROOT}/Headers/Public/FirebaseRemoteConfig\"",
					"\"${PODS_ROOT}/Headers/Public/FirebaseStorage\"",
					"\"${PODS_ROOT}/Headers/Public/FirebaseUI\"",
					"\"${PODS_ROOT}/Headers/Public/GoogleSignIn\"",
					"\"${PODS_ROOT}/Headers/Public/TwitterCore\"",
					"\"${PODS_ROOT}/Headers/Public/TwitterKit\"",
				);
				INFOPLIST_FILE = TelePatriot/Info.plist;
				IPHONEOS_DEPLOYMENT_TARGET = 10.0;
				LD_RUNPATH_SEARCH_PATHS = "$(inherited) @executable_path/Frameworks";
				MACH_O_TYPE = mh_execute;
				PRODUCT_BUNDLE_IDENTIFIER = com.brentdunklau.TelePatriot;
				PRODUCT_NAME = "$(TARGET_NAME)";
				"PROVISIONING_PROFILE_SPECIFIER[sdk=iphoneos*]" = "";
				SWIFT_VERSION = 4.0;
				TARGETED_DEVICE_FAMILY = 1;
			};
			name = Release;
		};
/* End XCBuildConfiguration section */

/* Begin XCConfigurationList section */
		A126AE0B1F8B1D860096714B /* Build configuration list for PBXProject "TelePatriot" */ = {
			isa = XCConfigurationList;
			buildConfigurations = (
				A126AE201F8B1D860096714B /* Debug */,
				A126AE211F8B1D860096714B /* Release */,
			);
			defaultConfigurationIsVisible = 0;
			defaultConfigurationName = Release;
		};
		A126AE221F8B1D860096714B /* Build configuration list for PBXNativeTarget "TelePatriot" */ = {
			isa = XCConfigurationList;
			buildConfigurations = (
				A126AE231F8B1D860096714B /* Debug */,
				A126AE241F8B1D860096714B /* Release */,
			);
			defaultConfigurationIsVisible = 0;
			defaultConfigurationName = Release;
		};
/* End XCConfigurationList section */
	};
	rootObject = A126AE081F8B1D860096714B /* Project object */;
}
