// !$*UTF8*$!
{
	archiveVersion = 1;
	classes = {
	};
	objectVersion = 48;
	objects = {

/* Begin PBXBuildFile section */
		A109E8A11FC55E510005517A /* CenterViewControllerDelegate.swift in Sources */ = {isa = PBXBuildFile; fileRef = A109E8A01FC55E510005517A /* CenterViewControllerDelegate.swift */; };
		A109E8A31FC55F090005517A /* SidePanelViewControllerDelegate.swift in Sources */ = {isa = PBXBuildFile; fileRef = A109E8A21FC55F090005517A /* SidePanelViewControllerDelegate.swift */; };
		A109E8A71FC561370005517A /* SidePanelViewController.swift in Sources */ = {isa = PBXBuildFile; fileRef = A109E8A61FC561370005517A /* SidePanelViewController.swift */; };
		A109E8A91FC5623E0005517A /* MenuCell.swift in Sources */ = {isa = PBXBuildFile; fileRef = A109E8A81FC5623E0005517A /* MenuCell.swift */; };
		A109E8AB1FC564A50005517A /* CenterViewController.swift in Sources */ = {isa = PBXBuildFile; fileRef = A109E8AA1FC564A50005517A /* CenterViewController.swift */; };
		A109E8AD1FC565E60005517A /* MenuItem.swift in Sources */ = {isa = PBXBuildFile; fileRef = A109E8AC1FC565E60005517A /* MenuItem.swift */; };
		A109E8AF1FC6233F0005517A /* ContainerViewController.swift in Sources */ = {isa = PBXBuildFile; fileRef = A109E8AE1FC6233F0005517A /* ContainerViewController.swift */; };
		A109E8B51FC7DEFC0005517A /* MyMissionViewController.swift in Sources */ = {isa = PBXBuildFile; fileRef = A109E8B41FC7DEFC0005517A /* MyMissionViewController.swift */; };
		A109E8B71FC7DFB80005517A /* SharePetitionViewController.swift in Sources */ = {isa = PBXBuildFile; fileRef = A109E8B61FC7DFB80005517A /* SharePetitionViewController.swift */; };
		A109E8B91FC7DFCA0005517A /* ChatHelpViewController.swift in Sources */ = {isa = PBXBuildFile; fileRef = A109E8B81FC7DFCA0005517A /* ChatHelpViewController.swift */; };
		A109E8BB1FC7E1F60005517A /* BaseButton.swift in Sources */ = {isa = PBXBuildFile; fileRef = A109E8BA1FC7E1F60005517A /* BaseButton.swift */; };
		A109E8C11FC7FA000005517A /* DirectorActionTableViewControllerDelegate.swift in Sources */ = {isa = PBXBuildFile; fileRef = A109E8C01FC7FA000005517A /* DirectorActionTableViewControllerDelegate.swift */; };
		A109E8C31FC86DFC0005517A /* MenuItems.swift in Sources */ = {isa = PBXBuildFile; fileRef = A109E8C21FC86DFC0005517A /* MenuItems.swift */; };
		A1217E2D1FCA15C70007ABF8 /* ProviderDelegate.swift in Sources */ = {isa = PBXBuildFile; fileRef = A1217E2C1FCA15C70007ABF8 /* ProviderDelegate.swift */; };
		A1217E2F1FCA19300007ABF8 /* CallManager.swift in Sources */ = {isa = PBXBuildFile; fileRef = A1217E2E1FCA19300007ABF8 /* CallManager.swift */; };
		A1217E311FCA199A0007ABF8 /* Call.swift in Sources */ = {isa = PBXBuildFile; fileRef = A1217E301FCA199A0007ABF8 /* Call.swift */; };
		A1217E331FCA1A070007ABF8 /* CallsViewController.swift in Sources */ = {isa = PBXBuildFile; fileRef = A1217E321FCA1A070007ABF8 /* CallsViewController.swift */; };
		A1217E351FCA24150007ABF8 /* CallButton.swift in Sources */ = {isa = PBXBuildFile; fileRef = A1217E341FCA24150007ABF8 /* CallButton.swift */; };
		A126AE141F8B1D860096714B /* AppDelegate.swift in Sources */ = {isa = PBXBuildFile; fileRef = A126AE131F8B1D860096714B /* AppDelegate.swift */; };
		A126AE191F8B1D860096714B /* Main.storyboard in Resources */ = {isa = PBXBuildFile; fileRef = A126AE171F8B1D860096714B /* Main.storyboard */; };
		A126AE1B1F8B1D860096714B /* Assets.xcassets in Resources */ = {isa = PBXBuildFile; fileRef = A126AE1A1F8B1D860096714B /* Assets.xcassets */; };
		A126AE1E1F8B1D860096714B /* LaunchScreen.storyboard in Resources */ = {isa = PBXBuildFile; fileRef = A126AE1C1F8B1D860096714B /* LaunchScreen.storyboard */; };
		A126AE281F8B25B40096714B /* GoogleService-Info.plist in Resources */ = {isa = PBXBuildFile; fileRef = A126AE271F8B25B40096714B /* GoogleService-Info.plist */; };
		A12CDB321FAE1605003DE424 /* FBSDKLoginKit.framework in Frameworks */ = {isa = PBXBuildFile; fileRef = A17C7FAF1FAC1B8200430C05 /* FBSDKLoginKit.framework */; };
		A12CDB331FAE160A003DE424 /* FBSDKCoreKit.framework in Frameworks */ = {isa = PBXBuildFile; fileRef = A17C7FAD1FAC1B6700430C05 /* FBSDKCoreKit.framework */; };
		A12CDB371FAF6495003DE424 /* NewPhoneCampaignVC.swift in Sources */ = {isa = PBXBuildFile; fileRef = A12CDB361FAF6495003DE424 /* NewPhoneCampaignVC.swift */; };
		A12CDB3D1FAF77FE003DE424 /* BaseViewController.swift in Sources */ = {isa = PBXBuildFile; fileRef = A12CDB3C1FAF77FE003DE424 /* BaseViewController.swift */; };
		A12CDB3F1FAF78E0003DE424 /* VolunteerViewController.swift in Sources */ = {isa = PBXBuildFile; fileRef = A12CDB3E1FAF78E0003DE424 /* VolunteerViewController.swift */; };
		A12CDB411FAF78F5003DE424 /* DirectorViewController.swift in Sources */ = {isa = PBXBuildFile; fileRef = A12CDB401FAF78F5003DE424 /* DirectorViewController.swift */; };
		A12CDB431FAF7902003DE424 /* AdminViewController.swift in Sources */ = {isa = PBXBuildFile; fileRef = A12CDB421FAF7902003DE424 /* AdminViewController.swift */; };
		A12CDB4E1FAFF537003DE424 /* MissionSummaryCellTableViewCell.swift in Sources */ = {isa = PBXBuildFile; fileRef = A12CDB4C1FAFF537003DE424 /* MissionSummaryCellTableViewCell.swift */; };
		A12CDB4F1FAFF537003DE424 /* MissionSummaryCellTableViewCell.xib in Resources */ = {isa = PBXBuildFile; fileRef = A12CDB4D1FAFF537003DE424 /* MissionSummaryCellTableViewCell.xib */; };
		A12CDB591FB01BF7003DE424 /* MissionSummaryTVC.swift in Sources */ = {isa = PBXBuildFile; fileRef = A12CDB581FB01BF7003DE424 /* MissionSummaryTVC.swift */; };
		A12CDB5B1FB020B8003DE424 /* MissionSummary.swift in Sources */ = {isa = PBXBuildFile; fileRef = A12CDB5A1FB020B8003DE424 /* MissionSummary.swift */; };
		A15D845D1FA8D04D007EE77C /* ViewController.swift in Sources */ = {isa = PBXBuildFile; fileRef = A15D845C1FA8D04D007EE77C /* ViewController.swift */; };
		A15D84651FA92976007EE77C /* SWRevealViewController.m in Sources */ = {isa = PBXBuildFile; fileRef = A15D84641FA92976007EE77C /* SWRevealViewController.m */; };
		A17C7FB21FAC308D00430C05 /* HomeViewController.swift in Sources */ = {isa = PBXBuildFile; fileRef = A17C7FB11FAC308D00430C05 /* HomeViewController.swift */; };
		A18565901FBAB5B2009EE57F /* TPUser.swift in Sources */ = {isa = PBXBuildFile; fileRef = A185658F1FBAB5B2009EE57F /* TPUser.swift */; };
		A18565921FBC0523009EE57F /* LimboViewController.swift in Sources */ = {isa = PBXBuildFile; fileRef = A18565911FBC0523009EE57F /* LimboViewController.swift */; };
		A18565951FBC19A3009EE57F /* AccountStatusEventTableViewCell.swift in Sources */ = {isa = PBXBuildFile; fileRef = A18565931FBC19A3009EE57F /* AccountStatusEventTableViewCell.swift */; };
		A18565961FBC19A3009EE57F /* AccountStatusEventTableViewCell.xib in Resources */ = {isa = PBXBuildFile; fileRef = A18565941FBC19A3009EE57F /* AccountStatusEventTableViewCell.xib */; };
		A18565981FBCF2A6009EE57F /* AccountStatusEvent.swift in Sources */ = {isa = PBXBuildFile; fileRef = A18565971FBCF2A6009EE57F /* AccountStatusEvent.swift */; };
		BDD7F2035B27F329A7F2E797 /* Pods_TelePatriot.framework in Frameworks */ = {isa = PBXBuildFile; fileRef = 21D294FA8D7228FD2C9482C0 /* Pods_TelePatriot.framework */; };
/* End PBXBuildFile section */

/* Begin PBXFileReference section */
		21D294FA8D7228FD2C9482C0 /* Pods_TelePatriot.framework */ = {isa = PBXFileReference; explicitFileType = wrapper.framework; includeInIndex = 0; path = Pods_TelePatriot.framework; sourceTree = BUILT_PRODUCTS_DIR; };
		9B10EA8C10D32C5053B267AA /* Pods-TelePatriot.debug.xcconfig */ = {isa = PBXFileReference; includeInIndex = 1; lastKnownFileType = text.xcconfig; name = "Pods-TelePatriot.debug.xcconfig"; path = "Pods/Target Support Files/Pods-TelePatriot/Pods-TelePatriot.debug.xcconfig"; sourceTree = "<group>"; };
		A109E8A01FC55E510005517A /* CenterViewControllerDelegate.swift */ = {isa = PBXFileReference; lastKnownFileType = sourcecode.swift; path = CenterViewControllerDelegate.swift; sourceTree = "<group>"; };
		A109E8A21FC55F090005517A /* SidePanelViewControllerDelegate.swift */ = {isa = PBXFileReference; lastKnownFileType = sourcecode.swift; path = SidePanelViewControllerDelegate.swift; sourceTree = "<group>"; };
		A109E8A61FC561370005517A /* SidePanelViewController.swift */ = {isa = PBXFileReference; lastKnownFileType = sourcecode.swift; path = SidePanelViewController.swift; sourceTree = "<group>"; };
		A109E8A81FC5623E0005517A /* MenuCell.swift */ = {isa = PBXFileReference; lastKnownFileType = sourcecode.swift; path = MenuCell.swift; sourceTree = "<group>"; };
		A109E8AA1FC564A50005517A /* CenterViewController.swift */ = {isa = PBXFileReference; lastKnownFileType = sourcecode.swift; path = CenterViewController.swift; sourceTree = "<group>"; };
		A109E8AC1FC565E60005517A /* MenuItem.swift */ = {isa = PBXFileReference; lastKnownFileType = sourcecode.swift; path = MenuItem.swift; sourceTree = "<group>"; };
		A109E8AE1FC6233F0005517A /* ContainerViewController.swift */ = {isa = PBXFileReference; lastKnownFileType = sourcecode.swift; path = ContainerViewController.swift; sourceTree = "<group>"; };
		A109E8B41FC7DEFC0005517A /* MyMissionViewController.swift */ = {isa = PBXFileReference; lastKnownFileType = sourcecode.swift; path = MyMissionViewController.swift; sourceTree = "<group>"; };
		A109E8B61FC7DFB80005517A /* SharePetitionViewController.swift */ = {isa = PBXFileReference; lastKnownFileType = sourcecode.swift; path = SharePetitionViewController.swift; sourceTree = "<group>"; };
		A109E8B81FC7DFCA0005517A /* ChatHelpViewController.swift */ = {isa = PBXFileReference; lastKnownFileType = sourcecode.swift; path = ChatHelpViewController.swift; sourceTree = "<group>"; };
		A109E8BA1FC7E1F60005517A /* BaseButton.swift */ = {isa = PBXFileReference; lastKnownFileType = sourcecode.swift; path = BaseButton.swift; sourceTree = "<group>"; };
		A109E8C01FC7FA000005517A /* DirectorActionTableViewControllerDelegate.swift */ = {isa = PBXFileReference; lastKnownFileType = sourcecode.swift; path = DirectorActionTableViewControllerDelegate.swift; sourceTree = "<group>"; };
		A109E8C21FC86DFC0005517A /* MenuItems.swift */ = {isa = PBXFileReference; lastKnownFileType = sourcecode.swift; path = MenuItems.swift; sourceTree = "<group>"; };
		A1217E2C1FCA15C70007ABF8 /* ProviderDelegate.swift */ = {isa = PBXFileReference; lastKnownFileType = sourcecode.swift; path = ProviderDelegate.swift; sourceTree = "<group>"; };
		A1217E2E1FCA19300007ABF8 /* CallManager.swift */ = {isa = PBXFileReference; lastKnownFileType = sourcecode.swift; path = CallManager.swift; sourceTree = "<group>"; };
		A1217E301FCA199A0007ABF8 /* Call.swift */ = {isa = PBXFileReference; lastKnownFileType = sourcecode.swift; path = Call.swift; sourceTree = "<group>"; };
		A1217E321FCA1A070007ABF8 /* CallsViewController.swift */ = {isa = PBXFileReference; lastKnownFileType = sourcecode.swift; path = CallsViewController.swift; sourceTree = "<group>"; };
		A1217E341FCA24150007ABF8 /* CallButton.swift */ = {isa = PBXFileReference; lastKnownFileType = sourcecode.swift; path = CallButton.swift; sourceTree = "<group>"; };
		A126AE101F8B1D860096714B /* TelePatriot.app */ = {isa = PBXFileReference; explicitFileType = wrapper.application; includeInIndex = 0; path = TelePatriot.app; sourceTree = BUILT_PRODUCTS_DIR; };
		A126AE131F8B1D860096714B /* AppDelegate.swift */ = {isa = PBXFileReference; lastKnownFileType = sourcecode.swift; path = AppDelegate.swift; sourceTree = "<group>"; };
		A126AE181F8B1D860096714B /* Base */ = {isa = PBXFileReference; lastKnownFileType = file.storyboard; name = Base; path = Base.lproj/Main.storyboard; sourceTree = "<group>"; };
		A126AE1A1F8B1D860096714B /* Assets.xcassets */ = {isa = PBXFileReference; lastKnownFileType = folder.assetcatalog; path = Assets.xcassets; sourceTree = "<group>"; };
		A126AE1D1F8B1D860096714B /* Base */ = {isa = PBXFileReference; lastKnownFileType = file.storyboard; name = Base; path = Base.lproj/LaunchScreen.storyboard; sourceTree = "<group>"; };
		A126AE1F1F8B1D860096714B /* Info.plist */ = {isa = PBXFileReference; lastKnownFileType = text.plist.xml; path = Info.plist; sourceTree = "<group>"; };
		A126AE271F8B25B40096714B /* GoogleService-Info.plist */ = {isa = PBXFileReference; fileEncoding = 4; lastKnownFileType = text.plist.xml; path = "GoogleService-Info.plist"; sourceTree = "<group>"; };
		A12CDB361FAF6495003DE424 /* NewPhoneCampaignVC.swift */ = {isa = PBXFileReference; lastKnownFileType = sourcecode.swift; path = NewPhoneCampaignVC.swift; sourceTree = "<group>"; };
		A12CDB391FAF6CB6003DE424 /* IQKeyboardManagerSwift.framework */ = {isa = PBXFileReference; explicitFileType = wrapper.framework; path = IQKeyboardManagerSwift.framework; sourceTree = BUILT_PRODUCTS_DIR; };
		A12CDB3B1FAF6CE8003DE424 /* IQKeyboardManagerSwift.framework */ = {isa = PBXFileReference; explicitFileType = wrapper.framework; path = IQKeyboardManagerSwift.framework; sourceTree = BUILT_PRODUCTS_DIR; };
		A12CDB3C1FAF77FE003DE424 /* BaseViewController.swift */ = {isa = PBXFileReference; lastKnownFileType = sourcecode.swift; path = BaseViewController.swift; sourceTree = "<group>"; };
		A12CDB3E1FAF78E0003DE424 /* VolunteerViewController.swift */ = {isa = PBXFileReference; lastKnownFileType = sourcecode.swift; path = VolunteerViewController.swift; sourceTree = "<group>"; };
		A12CDB401FAF78F5003DE424 /* DirectorViewController.swift */ = {isa = PBXFileReference; lastKnownFileType = sourcecode.swift; path = DirectorViewController.swift; sourceTree = "<group>"; };
		A12CDB421FAF7902003DE424 /* AdminViewController.swift */ = {isa = PBXFileReference; lastKnownFileType = sourcecode.swift; path = AdminViewController.swift; sourceTree = "<group>"; };
		A12CDB4C1FAFF537003DE424 /* MissionSummaryCellTableViewCell.swift */ = {isa = PBXFileReference; lastKnownFileType = sourcecode.swift; path = MissionSummaryCellTableViewCell.swift; sourceTree = "<group>"; };
		A12CDB4D1FAFF537003DE424 /* MissionSummaryCellTableViewCell.xib */ = {isa = PBXFileReference; lastKnownFileType = file.xib; path = MissionSummaryCellTableViewCell.xib; sourceTree = "<group>"; };
		A12CDB581FB01BF7003DE424 /* MissionSummaryTVC.swift */ = {isa = PBXFileReference; lastKnownFileType = sourcecode.swift; path = MissionSummaryTVC.swift; sourceTree = "<group>"; };
		A12CDB5A1FB020B8003DE424 /* MissionSummary.swift */ = {isa = PBXFileReference; lastKnownFileType = sourcecode.swift; path = MissionSummary.swift; sourceTree = "<group>"; };
		A15D845C1FA8D04D007EE77C /* ViewController.swift */ = {isa = PBXFileReference; lastKnownFileType = sourcecode.swift; path = ViewController.swift; sourceTree = "<group>"; };
		A15D84621FA92975007EE77C /* TelePatriot-Bridging-Header.h */ = {isa = PBXFileReference; lastKnownFileType = sourcecode.c.h; path = "TelePatriot-Bridging-Header.h"; sourceTree = "<group>"; };
		A15D84631FA92976007EE77C /* SWRevealViewController.h */ = {isa = PBXFileReference; fileEncoding = 4; lastKnownFileType = sourcecode.c.h; name = SWRevealViewController.h; path = TelePatriot/SWRevealViewController.h; sourceTree = SOURCE_ROOT; };
		A15D84641FA92976007EE77C /* SWRevealViewController.m */ = {isa = PBXFileReference; fileEncoding = 4; lastKnownFileType = sourcecode.c.objc; path = SWRevealViewController.m; sourceTree = "<group>"; };
		A17C7FAD1FAC1B6700430C05 /* FBSDKCoreKit.framework */ = {isa = PBXFileReference; lastKnownFileType = wrapper.framework; path = FBSDKCoreKit.framework; sourceTree = "<group>"; };
		A17C7FAF1FAC1B8200430C05 /* FBSDKLoginKit.framework */ = {isa = PBXFileReference; lastKnownFileType = wrapper.framework; path = FBSDKLoginKit.framework; sourceTree = "<group>"; };
		A17C7FB11FAC308D00430C05 /* HomeViewController.swift */ = {isa = PBXFileReference; lastKnownFileType = sourcecode.swift; path = HomeViewController.swift; sourceTree = "<group>"; };
		A185658F1FBAB5B2009EE57F /* TPUser.swift */ = {isa = PBXFileReference; lastKnownFileType = sourcecode.swift; path = TPUser.swift; sourceTree = "<group>"; };
		A18565911FBC0523009EE57F /* LimboViewController.swift */ = {isa = PBXFileReference; lastKnownFileType = sourcecode.swift; path = LimboViewController.swift; sourceTree = "<group>"; };
		A18565931FBC19A3009EE57F /* AccountStatusEventTableViewCell.swift */ = {isa = PBXFileReference; lastKnownFileType = sourcecode.swift; path = AccountStatusEventTableViewCell.swift; sourceTree = "<group>"; };
		A18565941FBC19A3009EE57F /* AccountStatusEventTableViewCell.xib */ = {isa = PBXFileReference; lastKnownFileType = file.xib; path = AccountStatusEventTableViewCell.xib; sourceTree = "<group>"; };
		A18565971FBCF2A6009EE57F /* AccountStatusEvent.swift */ = {isa = PBXFileReference; lastKnownFileType = sourcecode.swift; path = AccountStatusEvent.swift; sourceTree = "<group>"; };
		F60D7E18A8FEAD8059C42035 /* Pods-TelePatriot.release.xcconfig */ = {isa = PBXFileReference; includeInIndex = 1; lastKnownFileType = text.xcconfig; name = "Pods-TelePatriot.release.xcconfig"; path = "Pods/Target Support Files/Pods-TelePatriot/Pods-TelePatriot.release.xcconfig"; sourceTree = "<group>"; };
/* End PBXFileReference section */

/* Begin PBXFrameworksBuildPhase section */
		A126AE0D1F8B1D860096714B /* Frameworks */ = {
			isa = PBXFrameworksBuildPhase;
			buildActionMask = 2147483647;
			files = (
				BDD7F2035B27F329A7F2E797 /* Pods_TelePatriot.framework in Frameworks */,
				A12CDB321FAE1605003DE424 /* FBSDKLoginKit.framework in Frameworks */,
				A12CDB331FAE160A003DE424 /* FBSDKCoreKit.framework in Frameworks */,
			);
			runOnlyForDeploymentPostprocessing = 0;
		};
/* End PBXFrameworksBuildPhase section */

/* Begin PBXGroup section */
		6C14AAE037617CE38112F246 /* Pods */ = {
			isa = PBXGroup;
			children = (
				9B10EA8C10D32C5053B267AA /* Pods-TelePatriot.debug.xcconfig */,
				F60D7E18A8FEAD8059C42035 /* Pods-TelePatriot.release.xcconfig */,
			);
			name = Pods;
			sourceTree = "<group>";
		};
		A126AE071F8B1D860096714B = {
			isa = PBXGroup;
			children = (
				A126AE121F8B1D860096714B /* TelePatriot */,
				A126AE111F8B1D860096714B /* Products */,
				6C14AAE037617CE38112F246 /* Pods */,
				BC6D4A42EB8157281A4D9794 /* Frameworks */,
			);
			sourceTree = "<group>";
		};
		A126AE111F8B1D860096714B /* Products */ = {
			isa = PBXGroup;
			children = (
				A126AE101F8B1D860096714B /* TelePatriot.app */,
			);
			name = Products;
			sourceTree = "<group>";
		};
		A126AE121F8B1D860096714B /* TelePatriot */ = {
			isa = PBXGroup;
			children = (
				A126AE271F8B25B40096714B /* GoogleService-Info.plist */,
				A126AE131F8B1D860096714B /* AppDelegate.swift */,
				A126AE171F8B1D860096714B /* Main.storyboard */,
				A126AE1A1F8B1D860096714B /* Assets.xcassets */,
				A126AE1C1F8B1D860096714B /* LaunchScreen.storyboard */,
				A15D84631FA92976007EE77C /* SWRevealViewController.h */,
				A17C7FB11FAC308D00430C05 /* HomeViewController.swift */,
				A15D84641FA92976007EE77C /* SWRevealViewController.m */,
				A15D845C1FA8D04D007EE77C /* ViewController.swift */,
				A126AE1F1F8B1D860096714B /* Info.plist */,
				A15D84621FA92975007EE77C /* TelePatriot-Bridging-Header.h */,
				A12CDB361FAF6495003DE424 /* NewPhoneCampaignVC.swift */,
				A12CDB3C1FAF77FE003DE424 /* BaseViewController.swift */,
				A12CDB3E1FAF78E0003DE424 /* VolunteerViewController.swift */,
				A12CDB401FAF78F5003DE424 /* DirectorViewController.swift */,
				A12CDB421FAF7902003DE424 /* AdminViewController.swift */,
				A12CDB4C1FAFF537003DE424 /* MissionSummaryCellTableViewCell.swift */,
				A12CDB4D1FAFF537003DE424 /* MissionSummaryCellTableViewCell.xib */,
				A12CDB581FB01BF7003DE424 /* MissionSummaryTVC.swift */,
				A12CDB5A1FB020B8003DE424 /* MissionSummary.swift */,
				A185658F1FBAB5B2009EE57F /* TPUser.swift */,
				A18565911FBC0523009EE57F /* LimboViewController.swift */,
				A18565931FBC19A3009EE57F /* AccountStatusEventTableViewCell.swift */,
				A18565941FBC19A3009EE57F /* AccountStatusEventTableViewCell.xib */,
				A18565971FBCF2A6009EE57F /* AccountStatusEvent.swift */,
				A109E8A01FC55E510005517A /* CenterViewControllerDelegate.swift */,
				A109E8A21FC55F090005517A /* SidePanelViewControllerDelegate.swift */,
				A109E8A61FC561370005517A /* SidePanelViewController.swift */,
				A109E8A81FC5623E0005517A /* MenuCell.swift */,
				A109E8AA1FC564A50005517A /* CenterViewController.swift */,
				A109E8AC1FC565E60005517A /* MenuItem.swift */,
				A109E8AE1FC6233F0005517A /* ContainerViewController.swift */,
				A109E8B41FC7DEFC0005517A /* MyMissionViewController.swift */,
				A109E8B61FC7DFB80005517A /* SharePetitionViewController.swift */,
				A109E8B81FC7DFCA0005517A /* ChatHelpViewController.swift */,
				A109E8BA1FC7E1F60005517A /* BaseButton.swift */,
				A109E8C01FC7FA000005517A /* DirectorActionTableViewControllerDelegate.swift */,
				A109E8C21FC86DFC0005517A /* MenuItems.swift */,
				A1217E2C1FCA15C70007ABF8 /* ProviderDelegate.swift */,
				A1217E2E1FCA19300007ABF8 /* CallManager.swift */,
				A1217E301FCA199A0007ABF8 /* Call.swift */,
				A1217E321FCA1A070007ABF8 /* CallsViewController.swift */,
				A1217E341FCA24150007ABF8 /* CallButton.swift */,
			);
			path = TelePatriot;
			sourceTree = "<group>";
		};
		BC6D4A42EB8157281A4D9794 /* Frameworks */ = {
			isa = PBXGroup;
			children = (
				A12CDB3B1FAF6CE8003DE424 /* IQKeyboardManagerSwift.framework */,
				A12CDB391FAF6CB6003DE424 /* IQKeyboardManagerSwift.framework */,
				A17C7FAF1FAC1B8200430C05 /* FBSDKLoginKit.framework */,
				A17C7FAD1FAC1B6700430C05 /* FBSDKCoreKit.framework */,
				21D294FA8D7228FD2C9482C0 /* Pods_TelePatriot.framework */,
			);
			name = Frameworks;
			sourceTree = "<group>";
		};
/* End PBXGroup section */

/* Begin PBXNativeTarget section */
		A126AE0F1F8B1D860096714B /* TelePatriot */ = {
			isa = PBXNativeTarget;
			buildConfigurationList = A126AE221F8B1D860096714B /* Build configuration list for PBXNativeTarget "TelePatriot" */;
			buildPhases = (
				B04385EAF2614D8908D42114 /* [CP] Check Pods Manifest.lock */,
				A126AE0C1F8B1D860096714B /* Sources */,
				A126AE0D1F8B1D860096714B /* Frameworks */,
				A126AE0E1F8B1D860096714B /* Resources */,
				EA8FABEA1BD3E7A2695CF554 /* [CP] Embed Pods Frameworks */,
				9DE38E2A83F32C323EFFF34A /* [CP] Copy Pods Resources */,
			);
			buildRules = (
			);
			dependencies = (
			);
			name = TelePatriot;
			productName = TelePatriot;
			productReference = A126AE101F8B1D860096714B /* TelePatriot.app */;
			productType = "com.apple.product-type.application";
		};
/* End PBXNativeTarget section */

/* Begin PBXProject section */
		A126AE081F8B1D860096714B /* Project object */ = {
			isa = PBXProject;
			attributes = {
				LastSwiftUpdateCheck = 0900;
				LastUpgradeCheck = 0900;
				ORGANIZATIONNAME = "Brent Dunklau";
				TargetAttributes = {
					A126AE0F1F8B1D860096714B = {
						CreatedOnToolsVersion = 9.0;
						LastSwiftMigration = 0900;
						ProvisioningStyle = Automatic;
					};
				};
			};
			buildConfigurationList = A126AE0B1F8B1D860096714B /* Build configuration list for PBXProject "TelePatriot" */;
			compatibilityVersion = "Xcode 8.0";
			developmentRegion = en;
			hasScannedForEncodings = 0;
			knownRegions = (
				en,
				Base,
			);
			mainGroup = A126AE071F8B1D860096714B;
			productRefGroup = A126AE111F8B1D860096714B /* Products */;
			projectDirPath = "";
			projectRoot = "";
			targets = (
				A126AE0F1F8B1D860096714B /* TelePatriot */,
			);
		};
/* End PBXProject section */

/* Begin PBXResourcesBuildPhase section */
		A126AE0E1F8B1D860096714B /* Resources */ = {
			isa = PBXResourcesBuildPhase;
			buildActionMask = 2147483647;
			files = (
				A18565961FBC19A3009EE57F /* AccountStatusEventTableViewCell.xib in Resources */,
				A126AE1E1F8B1D860096714B /* LaunchScreen.storyboard in Resources */,
				A126AE281F8B25B40096714B /* GoogleService-Info.plist in Resources */,
				A126AE1B1F8B1D860096714B /* Assets.xcassets in Resources */,
				A126AE191F8B1D860096714B /* Main.storyboard in Resources */,
				A12CDB4F1FAFF537003DE424 /* MissionSummaryCellTableViewCell.xib in Resources */,
			);
			runOnlyForDeploymentPostprocessing = 0;
		};
/* End PBXResourcesBuildPhase section */

/* Begin PBXShellScriptBuildPhase section */
		9DE38E2A83F32C323EFFF34A /* [CP] Copy Pods Resources */ = {
			isa = PBXShellScriptBuildPhase;
			buildActionMask = 2147483647;
			files = (
			);
			inputPaths = (
				"${SRCROOT}/Pods/Target Support Files/Pods-TelePatriot/Pods-TelePatriot-resources.sh",
				$PODS_CONFIGURATION_BUILD_DIR/FirebaseUI/FirebaseAuthUI.bundle,
				$PODS_CONFIGURATION_BUILD_DIR/FirebaseUI/FirebaseFacebookAuthUI.bundle,
				$PODS_CONFIGURATION_BUILD_DIR/FirebaseUI/FirebaseGoogleAuthUI.bundle,
				$PODS_CONFIGURATION_BUILD_DIR/FirebaseUI/FirebasePhoneAuthUI.bundle,
				$PODS_CONFIGURATION_BUILD_DIR/FirebaseUI/FirebaseTwitterAuthUI.bundle,
				"${PODS_ROOT}/GoogleSignIn/Resources/GoogleSignIn.bundle",
				"${PODS_ROOT}/TwitterKit/iOS/TwitterKit.framework/TwitterKitResources.bundle",
				"${PODS_ROOT}/TwitterKit/iOS/TwitterKit.framework/TwitterShareExtensionUIResources.bundle",
			);
			name = "[CP] Copy Pods Resources";
			outputPaths = (
				"${TARGET_BUILD_DIR}/${UNLOCALIZED_RESOURCES_FOLDER_PATH}",
			);
			runOnlyForDeploymentPostprocessing = 0;
			shellPath = /bin/sh;
			shellScript = "\"${SRCROOT}/Pods/Target Support Files/Pods-TelePatriot/Pods-TelePatriot-resources.sh\"\n";
			showEnvVarsInLog = 0;
		};
		B04385EAF2614D8908D42114 /* [CP] Check Pods Manifest.lock */ = {
			isa = PBXShellScriptBuildPhase;
			buildActionMask = 2147483647;
			files = (
			);
			inputPaths = (
				"${PODS_PODFILE_DIR_PATH}/Podfile.lock",
				"${PODS_ROOT}/Manifest.lock",
			);
			name = "[CP] Check Pods Manifest.lock";
			outputPaths = (
				"$(DERIVED_FILE_DIR)/Pods-TelePatriot-checkManifestLockResult.txt",
			);
			runOnlyForDeploymentPostprocessing = 0;
			shellPath = /bin/sh;
			shellScript = "diff \"${PODS_PODFILE_DIR_PATH}/Podfile.lock\" \"${PODS_ROOT}/Manifest.lock\" > /dev/null\nif [ $? != 0 ] ; then\n    # print error to STDERR\n    echo \"error: The sandbox is not in sync with the Podfile.lock. Run 'pod install' or update your CocoaPods installation.\" >&2\n    exit 1\nfi\n# This output is used by Xcode 'outputs' to avoid re-running this script phase.\necho \"SUCCESS\" > \"${SCRIPT_OUTPUT_FILE_0}\"\n";
			showEnvVarsInLog = 0;
		};
		EA8FABEA1BD3E7A2695CF554 /* [CP] Embed Pods Frameworks */ = {
			isa = PBXShellScriptBuildPhase;
			buildActionMask = 2147483647;
			files = (
			);
			inputPaths = (
				"${SRCROOT}/Pods/Target Support Files/Pods-TelePatriot/Pods-TelePatriot-frameworks.sh",
				"${BUILT_PRODUCTS_DIR}/Bolts/Bolts.framework",
				"${BUILT_PRODUCTS_DIR}/BoringSSL/openssl.framework",
				"${BUILT_PRODUCTS_DIR}/FBSDKCoreKit/FBSDKCoreKit.framework",
				"${BUILT_PRODUCTS_DIR}/FBSDKLoginKit/FBSDKLoginKit.framework",
				"${BUILT_PRODUCTS_DIR}/GTMOAuth2/GTMOAuth2.framework",
				"${BUILT_PRODUCTS_DIR}/GTMSessionFetcher/GTMSessionFetcher.framework",
				"${BUILT_PRODUCTS_DIR}/GoogleToolboxForMac/GoogleToolboxForMac.framework",
				"${BUILT_PRODUCTS_DIR}/IQKeyboardManagerSwift/IQKeyboardManagerSwift.framework",
				"${BUILT_PRODUCTS_DIR}/Protobuf/Protobuf.framework",
				"${BUILT_PRODUCTS_DIR}/SDWebImage/SDWebImage.framework",
				"${BUILT_PRODUCTS_DIR}/gRPC/GRPCClient.framework",
				"${BUILT_PRODUCTS_DIR}/gRPC-Core/grpc.framework",
				"${BUILT_PRODUCTS_DIR}/gRPC-ProtoRPC/ProtoRPC.framework",
				"${BUILT_PRODUCTS_DIR}/gRPC-RxLibrary/RxLibrary.framework",
				"${BUILT_PRODUCTS_DIR}/leveldb-library/leveldb.framework",
				"${BUILT_PRODUCTS_DIR}/nanopb/nanopb.framework",
			);
			name = "[CP] Embed Pods Frameworks";
			outputPaths = (
				"${TARGET_BUILD_DIR}/${FRAMEWORKS_FOLDER_PATH}/Bolts.framework",
				"${TARGET_BUILD_DIR}/${FRAMEWORKS_FOLDER_PATH}/openssl.framework",
				"${TARGET_BUILD_DIR}/${FRAMEWORKS_FOLDER_PATH}/FBSDKCoreKit.framework",
				"${TARGET_BUILD_DIR}/${FRAMEWORKS_FOLDER_PATH}/FBSDKLoginKit.framework",
				"${TARGET_BUILD_DIR}/${FRAMEWORKS_FOLDER_PATH}/GTMOAuth2.framework",
				"${TARGET_BUILD_DIR}/${FRAMEWORKS_FOLDER_PATH}/GTMSessionFetcher.framework",
				"${TARGET_BUILD_DIR}/${FRAMEWORKS_FOLDER_PATH}/GoogleToolboxForMac.framework",
				"${TARGET_BUILD_DIR}/${FRAMEWORKS_FOLDER_PATH}/IQKeyboardManagerSwift.framework",
				"${TARGET_BUILD_DIR}/${FRAMEWORKS_FOLDER_PATH}/Protobuf.framework",
				"${TARGET_BUILD_DIR}/${FRAMEWORKS_FOLDER_PATH}/SDWebImage.framework",
				"${TARGET_BUILD_DIR}/${FRAMEWORKS_FOLDER_PATH}/GRPCClient.framework",
				"${TARGET_BUILD_DIR}/${FRAMEWORKS_FOLDER_PATH}/grpc.framework",
				"${TARGET_BUILD_DIR}/${FRAMEWORKS_FOLDER_PATH}/ProtoRPC.framework",
				"${TARGET_BUILD_DIR}/${FRAMEWORKS_FOLDER_PATH}/RxLibrary.framework",
				"${TARGET_BUILD_DIR}/${FRAMEWORKS_FOLDER_PATH}/leveldb.framework",
				"${TARGET_BUILD_DIR}/${FRAMEWORKS_FOLDER_PATH}/nanopb.framework",
			);
			runOnlyForDeploymentPostprocessing = 0;
			shellPath = /bin/sh;
			shellScript = "\"${SRCROOT}/Pods/Target Support Files/Pods-TelePatriot/Pods-TelePatriot-frameworks.sh\"\n";
			showEnvVarsInLog = 0;
		};
/* End PBXShellScriptBuildPhase section */

/* Begin PBXSourcesBuildPhase section */
		A126AE0C1F8B1D860096714B /* Sources */ = {
			isa = PBXSourcesBuildPhase;
			buildActionMask = 2147483647;
			files = (
				A109E8AD1FC565E60005517A /* MenuItem.swift in Sources */,
				A1217E311FCA199A0007ABF8 /* Call.swift in Sources */,
				A18565951FBC19A3009EE57F /* AccountStatusEventTableViewCell.swift in Sources */,
				A12CDB431FAF7902003DE424 /* AdminViewController.swift in Sources */,
				A17C7FB21FAC308D00430C05 /* HomeViewController.swift in Sources */,
				A109E8A31FC55F090005517A /* SidePanelViewControllerDelegate.swift in Sources */,
				A1217E2F1FCA19300007ABF8 /* CallManager.swift in Sources */,
				A18565921FBC0523009EE57F /* LimboViewController.swift in Sources */,
				A15D845D1FA8D04D007EE77C /* ViewController.swift in Sources */,
				A109E8C31FC86DFC0005517A /* MenuItems.swift in Sources */,
				A109E8C11FC7FA000005517A /* DirectorActionTableViewControllerDelegate.swift in Sources */,
				A1217E2D1FCA15C70007ABF8 /* ProviderDelegate.swift in Sources */,
				A12CDB411FAF78F5003DE424 /* DirectorViewController.swift in Sources */,
				A18565981FBCF2A6009EE57F /* AccountStatusEvent.swift in Sources */,
				A109E8AF1FC6233F0005517A /* ContainerViewController.swift in Sources */,
				A126AE141F8B1D860096714B /* AppDelegate.swift in Sources */,
				A1217E331FCA1A070007ABF8 /* CallsViewController.swift in Sources */,
				A1217E351FCA24150007ABF8 /* CallButton.swift in Sources */,
				A12CDB4E1FAFF537003DE424 /* MissionSummaryCellTableViewCell.swift in Sources */,
				A109E8A11FC55E510005517A /* CenterViewControllerDelegate.swift in Sources */,
				A109E8B91FC7DFCA0005517A /* ChatHelpViewController.swift in Sources */,
				A109E8A71FC561370005517A /* SidePanelViewController.swift in Sources */,
				A12CDB371FAF6495003DE424 /* NewPhoneCampaignVC.swift in Sources */,
				A109E8B51FC7DEFC0005517A /* MyMissionViewController.swift in Sources */,
				A109E8A91FC5623E0005517A /* MenuCell.swift in Sources */,
				A12CDB5B1FB020B8003DE424 /* MissionSummary.swift in Sources */,
				A109E8BB1FC7E1F60005517A /* BaseButton.swift in Sources */,
				A18565901FBAB5B2009EE57F /* TPUser.swift in Sources */,
				A15D84651FA92976007EE77C /* SWRevealViewController.m in Sources */,
				A12CDB3F1FAF78E0003DE424 /* VolunteerViewController.swift in Sources */,
				A109E8AB1FC564A50005517A /* CenterViewController.swift in Sources */,
				A12CDB3D1FAF77FE003DE424 /* BaseViewController.swift in Sources */,
				A109E8B71FC7DFB80005517A /* SharePetitionViewController.swift in Sources */,
				A12CDB591FB01BF7003DE424 /* MissionSummaryTVC.swift in Sources */,
			);
			runOnlyForDeploymentPostprocessing = 0;
		};
/* End PBXSourcesBuildPhase section */

/* Begin PBXVariantGroup section */
		A126AE171F8B1D860096714B /* Main.storyboard */ = {
			isa = PBXVariantGroup;
			children = (
				A126AE181F8B1D860096714B /* Base */,
			);
			name = Main.storyboard;
			sourceTree = "<group>";
		};
		A126AE1C1F8B1D860096714B /* LaunchScreen.storyboard */ = {
			isa = PBXVariantGroup;
			children = (
				A126AE1D1F8B1D860096714B /* Base */,
			);
			name = LaunchScreen.storyboard;
			sourceTree = "<group>";
		};
/* End PBXVariantGroup section */

/* Begin XCBuildConfiguration section */
		A126AE201F8B1D860096714B /* Debug */ = {
			isa = XCBuildConfiguration;
			buildSettings = {
				ALWAYS_SEARCH_USER_PATHS = NO;
				CLANG_ANALYZER_NONNULL = YES;
				CLANG_ANALYZER_NUMBER_OBJECT_CONVERSION = YES_AGGRESSIVE;
				CLANG_CXX_LANGUAGE_STANDARD = "gnu++14";
				CLANG_CXX_LIBRARY = "libc++";
				CLANG_ENABLE_MODULES = YES;
				CLANG_ENABLE_OBJC_ARC = YES;
				CLANG_WARN_BLOCK_CAPTURE_AUTORELEASING = YES;
				CLANG_WARN_BOOL_CONVERSION = YES;
				CLANG_WARN_COMMA = YES;
				CLANG_WARN_CONSTANT_CONVERSION = YES;
				CLANG_WARN_DIRECT_OBJC_ISA_USAGE = YES_ERROR;
				CLANG_WARN_DOCUMENTATION_COMMENTS = YES;
				CLANG_WARN_EMPTY_BODY = YES;
				CLANG_WARN_ENUM_CONVERSION = YES;
				CLANG_WARN_INFINITE_RECURSION = YES;
				CLANG_WARN_INT_CONVERSION = YES;
				CLANG_WARN_NON_LITERAL_NULL_CONVERSION = YES;
				CLANG_WARN_OBJC_LITERAL_CONVERSION = YES;
				CLANG_WARN_OBJC_ROOT_CLASS = YES_ERROR;
				CLANG_WARN_RANGE_LOOP_ANALYSIS = YES;
				CLANG_WARN_STRICT_PROTOTYPES = YES;
				CLANG_WARN_SUSPICIOUS_MOVE = YES;
				CLANG_WARN_UNGUARDED_AVAILABILITY = YES_AGGRESSIVE;
				CLANG_WARN_UNREACHABLE_CODE = YES;
				CLANG_WARN__DUPLICATE_METHOD_MATCH = YES;
				CODE_SIGN_IDENTITY = "iPhone Developer";
				COPY_PHASE_STRIP = NO;
				DEBUG_INFORMATION_FORMAT = dwarf;
				ENABLE_STRICT_OBJC_MSGSEND = YES;
				ENABLE_TESTABILITY = YES;
				GCC_C_LANGUAGE_STANDARD = gnu11;
				GCC_DYNAMIC_NO_PIC = NO;
				GCC_NO_COMMON_BLOCKS = YES;
				GCC_OPTIMIZATION_LEVEL = 0;
				GCC_PREPROCESSOR_DEFINITIONS = (
					"DEBUG=1",
					"$(inherited)",
				);
				GCC_WARN_64_TO_32_BIT_CONVERSION = YES;
				GCC_WARN_ABOUT_RETURN_TYPE = YES_ERROR;
				GCC_WARN_UNDECLARED_SELECTOR = YES;
				GCC_WARN_UNINITIALIZED_AUTOS = YES_AGGRESSIVE;
				GCC_WARN_UNUSED_FUNCTION = YES;
				GCC_WARN_UNUSED_VARIABLE = YES;
				IPHONEOS_DEPLOYMENT_TARGET = 11.0;
				MTL_ENABLE_DEBUG_INFO = YES;
				ONLY_ACTIVE_ARCH = YES;
				SDKROOT = iphoneos;
				SWIFT_ACTIVE_COMPILATION_CONDITIONS = DEBUG;
				SWIFT_OPTIMIZATION_LEVEL = "-Onone";
			};
			name = Debug;
		};
		A126AE211F8B1D860096714B /* Release */ = {
			isa = XCBuildConfiguration;
			buildSettings = {
				ALWAYS_SEARCH_USER_PATHS = NO;
				CLANG_ANALYZER_NONNULL = YES;
				CLANG_ANALYZER_NUMBER_OBJECT_CONVERSION = YES_AGGRESSIVE;
				CLANG_CXX_LANGUAGE_STANDARD = "gnu++14";
				CLANG_CXX_LIBRARY = "libc++";
				CLANG_ENABLE_MODULES = YES;
				CLANG_ENABLE_OBJC_ARC = YES;
				CLANG_WARN_BLOCK_CAPTURE_AUTORELEASING = YES;
				CLANG_WARN_BOOL_CONVERSION = YES;
				CLANG_WARN_COMMA = YES;
				CLANG_WARN_CONSTANT_CONVERSION = YES;
				CLANG_WARN_DIRECT_OBJC_ISA_USAGE = YES_ERROR;
				CLANG_WARN_DOCUMENTATION_COMMENTS = YES;
				CLANG_WARN_EMPTY_BODY = YES;
				CLANG_WARN_ENUM_CONVERSION = YES;
				CLANG_WARN_INFINITE_RECURSION = YES;
				CLANG_WARN_INT_CONVERSION = YES;
				CLANG_WARN_NON_LITERAL_NULL_CONVERSION = YES;
				CLANG_WARN_OBJC_LITERAL_CONVERSION = YES;
				CLANG_WARN_OBJC_ROOT_CLASS = YES_ERROR;
				CLANG_WARN_RANGE_LOOP_ANALYSIS = YES;
				CLANG_WARN_STRICT_PROTOTYPES = YES;
				CLANG_WARN_SUSPICIOUS_MOVE = YES;
				CLANG_WARN_UNGUARDED_AVAILABILITY = YES_AGGRESSIVE;
				CLANG_WARN_UNREACHABLE_CODE = YES;
				CLANG_WARN__DUPLICATE_METHOD_MATCH = YES;
				CODE_SIGN_IDENTITY = "iPhone Developer";
				COPY_PHASE_STRIP = NO;
				DEBUG_INFORMATION_FORMAT = "dwarf-with-dsym";
				ENABLE_NS_ASSERTIONS = NO;
				ENABLE_STRICT_OBJC_MSGSEND = YES;
				GCC_C_LANGUAGE_STANDARD = gnu11;
				GCC_NO_COMMON_BLOCKS = YES;
				GCC_WARN_64_TO_32_BIT_CONVERSION = YES;
				GCC_WARN_ABOUT_RETURN_TYPE = YES_ERROR;
				GCC_WARN_UNDECLARED_SELECTOR = YES;
				GCC_WARN_UNINITIALIZED_AUTOS = YES_AGGRESSIVE;
				GCC_WARN_UNUSED_FUNCTION = YES;
				GCC_WARN_UNUSED_VARIABLE = YES;
				IPHONEOS_DEPLOYMENT_TARGET = 11.0;
				MTL_ENABLE_DEBUG_INFO = NO;
				SDKROOT = iphoneos;
				SWIFT_OPTIMIZATION_LEVEL = "-Owholemodule";
				VALIDATE_PRODUCT = YES;
			};
			name = Release;
		};
		A126AE231F8B1D860096714B /* Debug */ = {
			isa = XCBuildConfiguration;
			baseConfigurationReference = 9B10EA8C10D32C5053B267AA /* Pods-TelePatriot.debug.xcconfig */;
			buildSettings = {
				ASSETCATALOG_COMPILER_APPICON_NAME = AppIcon;
				CLANG_ENABLE_MODULES = YES;
				CODE_SIGN_STYLE = Automatic;
				DEVELOPMENT_TEAM = 3U34TQ32MY;
				ENABLE_BITCODE = NO;
				FRAMEWORK_SEARCH_PATHS = (
					"$(inherited)",
					"$(PROJECT_DIR)",
					"~/Documents/FacebookSDK",
				);
				INFOPLIST_FILE = TelePatriot/Info.plist;
				IPHONEOS_DEPLOYMENT_TARGET = 10.0;
				LD_RUNPATH_SEARCH_PATHS = "$(inherited) @executable_path/Frameworks";
				PRODUCT_BUNDLE_IDENTIFIER = com.brentdunklau.TelePatriot;
				PRODUCT_NAME = "$(TARGET_NAME)";
				SWIFT_OBJC_BRIDGING_HEADER = "TelePatriot/TelePatriot-Bridging-Header.h";
				SWIFT_OPTIMIZATION_LEVEL = "-Onone";
				SWIFT_VERSION = 4.0;
				TARGETED_DEVICE_FAMILY = "1,2";
			};
			name = Debug;
		};
		A126AE241F8B1D860096714B /* Release */ = {
			isa = XCBuildConfiguration;
			baseConfigurationReference = F60D7E18A8FEAD8059C42035 /* Pods-TelePatriot.release.xcconfig */;
			buildSettings = {
				ASSETCATALOG_COMPILER_APPICON_NAME = AppIcon;
				CLANG_ENABLE_MODULES = YES;
				CODE_SIGN_STYLE = Automatic;
				DEVELOPMENT_TEAM = 3U34TQ32MY;
				ENABLE_BITCODE = NO;
				FRAMEWORK_SEARCH_PATHS = (
					"$(inherited)",
					"$(PROJECT_DIR)",
					"~/Documents/FacebookSDK",
				);
				INFOPLIST_FILE = TelePatriot/Info.plist;
				IPHONEOS_DEPLOYMENT_TARGET = 10.0;
				LD_RUNPATH_SEARCH_PATHS = "$(inherited) @executable_path/Frameworks";
				PRODUCT_BUNDLE_IDENTIFIER = com.brentdunklau.TelePatriot;
				PRODUCT_NAME = "$(TARGET_NAME)";
				SWIFT_OBJC_BRIDGING_HEADER = "TelePatriot/TelePatriot-Bridging-Header.h";
				SWIFT_VERSION = 4.0;
				TARGETED_DEVICE_FAMILY = "1,2";
			};
			name = Release;
		};
/* End XCBuildConfiguration section */

/* Begin XCConfigurationList section */
		A126AE0B1F8B1D860096714B /* Build configuration list for PBXProject "TelePatriot" */ = {
			isa = XCConfigurationList;
			buildConfigurations = (
				A126AE201F8B1D860096714B /* Debug */,
				A126AE211F8B1D860096714B /* Release */,
			);
			defaultConfigurationIsVisible = 0;
			defaultConfigurationName = Release;
		};
		A126AE221F8B1D860096714B /* Build configuration list for PBXNativeTarget "TelePatriot" */ = {
			isa = XCConfigurationList;
			buildConfigurations = (
				A126AE231F8B1D860096714B /* Debug */,
				A126AE241F8B1D860096714B /* Release */,
			);
			defaultConfigurationIsVisible = 0;
			defaultConfigurationName = Release;
		};
/* End XCConfigurationList section */
	};
	rootObject = A126AE081F8B1D860096714B /* Project object */;
}
